// !$*UTF8*$!
{
	archiveVersion = 1;
	classes = {
	};
	objectVersion = 50;
	objects = {

/* Begin PBXBuildFile section */
		2645F9252855DE3563C65A7B /* Pods_SwiftAppUITests.framework in Frameworks */ = {isa = PBXBuildFile; fileRef = E0C69683FEB70C72C0370B04 /* Pods_SwiftAppUITests.framework */; };
		41DA1622AF172FC9179310F2 /* Pods_SwiftAppTests.framework in Frameworks */ = {isa = PBXBuildFile; fileRef = 8CDCFFF2D78978EC6172105D /* Pods_SwiftAppTests.framework */; };
		444E75BD676E796122F33871 /* Pods_SwiftApp.framework in Frameworks */ = {isa = PBXBuildFile; fileRef = 19C1C69C28A13C2F9CA2797D /* Pods_SwiftApp.framework */; };
		9B083FCD212AFF6F00C537D5 /* AppDelegate.swift in Sources */ = {isa = PBXBuildFile; fileRef = 9B083FCC212AFF6F00C537D5 /* AppDelegate.swift */; };
		9B083FCF212AFF6F00C537D5 /* ViewController.swift in Sources */ = {isa = PBXBuildFile; fileRef = 9B083FCE212AFF6F00C537D5 /* ViewController.swift */; };
		9B083FD2212AFF6F00C537D5 /* Main.storyboard in Resources */ = {isa = PBXBuildFile; fileRef = 9B083FD0212AFF6F00C537D5 /* Main.storyboard */; };
		9B083FD4212AFF7000C537D5 /* Assets.xcassets in Resources */ = {isa = PBXBuildFile; fileRef = 9B083FD3212AFF7000C537D5 /* Assets.xcassets */; };
		9B083FD7212AFF7000C537D5 /* LaunchScreen.storyboard in Resources */ = {isa = PBXBuildFile; fileRef = 9B083FD5212AFF7000C537D5 /* LaunchScreen.storyboard */; };
		9B083FE2212AFF7000C537D5 /* SwiftAppTests.swift in Sources */ = {isa = PBXBuildFile; fileRef = 9B083FE1212AFF7000C537D5 /* SwiftAppTests.swift */; };
		9B083FED212AFF7000C537D5 /* SwiftAppUITests.swift in Sources */ = {isa = PBXBuildFile; fileRef = 9B083FEC212AFF7000C537D5 /* SwiftAppUITests.swift */; };
		9B083FFC212B0A3900C537D5 /* SampleView.swift in Sources */ = {isa = PBXBuildFile; fileRef = 9B083FFB212B0A3900C537D5 /* SampleView.swift */; };
		9B083FFE212B0B7E00C537D5 /* SampleViewModel.swift in Sources */ = {isa = PBXBuildFile; fileRef = 9B083FFD212B0B7E00C537D5 /* SampleViewModel.swift */; };
		9B084000212B0B8D00C537D5 /* SampleModel.swift in Sources */ = {isa = PBXBuildFile; fileRef = 9B083FFF212B0B8D00C537D5 /* SampleModel.swift */; };
		9B084002212C516F00C537D5 /* SampleList.storyboard in Resources */ = {isa = PBXBuildFile; fileRef = 9B084001212C516F00C537D5 /* SampleList.storyboard */; };
		9B2FB703217E02F400610D43 /* GithubService.swift in Sources */ = {isa = PBXBuildFile; fileRef = 9B2FB702217E02F400610D43 /* GithubService.swift */; };
		9B2FB706217F535400610D43 /* RxSwift.framework in Frameworks */ = {isa = PBXBuildFile; fileRef = 9B2FB705217F535400610D43 /* RxSwift.framework */; };
		9B2FB708217F537000610D43 /* RealmSwift.framework in Frameworks */ = {isa = PBXBuildFile; fileRef = 9B2FB707217F537000610D43 /* RealmSwift.framework */; };
		9B2FB70A217F538300610D43 /* RxCocoa.framework in Frameworks */ = {isa = PBXBuildFile; fileRef = 9B2FB709217F538300610D43 /* RxCocoa.framework */; };
		9B2FB70C217F539700610D43 /* Moya.framework in Frameworks */ = {isa = PBXBuildFile; fileRef = 9B2FB70B217F539700610D43 /* Moya.framework */; };
		9B2FB70E217F53AB00610D43 /* RxMoya.framework in Frameworks */ = {isa = PBXBuildFile; fileRef = 9B2FB70D217F53AB00610D43 /* RxMoya.framework */; };
		9B2FB710217F53C600610D43 /* Result.framework in Frameworks */ = {isa = PBXBuildFile; fileRef = 9B2FB70F217F53C600610D43 /* Result.framework */; };
		9B2FB712217F53D500610D43 /* Alamofire.framework in Frameworks */ = {isa = PBXBuildFile; fileRef = 9B2FB711217F53D500610D43 /* Alamofire.framework */; };
		9B2FB71421840B2500610D43 /* Realm.framework in Frameworks */ = {isa = PBXBuildFile; fileRef = 9B2FB71321840B2500610D43 /* Realm.framework */; };
		9B2FB71621840BC300610D43 /* SampleRepository.swift in Sources */ = {isa = PBXBuildFile; fileRef = 9B2FB71521840BC300610D43 /* SampleRepository.swift */; };
		9B2FB71821840C1800610D43 /* Provider.swift in Sources */ = {isa = PBXBuildFile; fileRef = 9B2FB71721840C1800610D43 /* Provider.swift */; };
		9B31C9BD216B372000470A57 /* TabBarController.swift in Sources */ = {isa = PBXBuildFile; fileRef = 9B31C9BC216B372000470A57 /* TabBarController.swift */; };
		9B340ED6218721EC001149D4 /* AMScrollingNavbar.framework in Frameworks */ = {isa = PBXBuildFile; fileRef = 9B340ED5218721EC001149D4 /* AMScrollingNavbar.framework */; };
		9B35981921A8551B00019415 /* User.swift in Sources */ = {isa = PBXBuildFile; fileRef = 9B35981821A8551B00019415 /* User.swift */; };
		9B35981B21AA5F7100019415 /* RoundImage.swift in Sources */ = {isa = PBXBuildFile; fileRef = 9B35981A21AA5F7100019415 /* RoundImage.swift */; };
		9B35981D21AA7ECE00019415 /* ImagePickerService.swift in Sources */ = {isa = PBXBuildFile; fileRef = 9B35981C21AA7ECE00019415 /* ImagePickerService.swift */; };
		9B35982821AC3C2F00019415 /* RxNuke.framework in Frameworks */ = {isa = PBXBuildFile; fileRef = 9B35982721AC3C2F00019415 /* RxNuke.framework */; };
		9B35982A21AC3C4800019415 /* Nuke.framework in Frameworks */ = {isa = PBXBuildFile; fileRef = 9B35982921AC3C4800019415 /* Nuke.framework */; };
		9B35983121B017D200019415 /* ImageDetailSectionTwo.storyboard in Resources */ = {isa = PBXBuildFile; fileRef = 9B35983021B017D200019415 /* ImageDetailSectionTwo.storyboard */; };
		9B35983321B0187C00019415 /* ImageDetailSectionTwoCollection.xib in Resources */ = {isa = PBXBuildFile; fileRef = 9B35983221B0187C00019415 /* ImageDetailSectionTwoCollection.xib */; };
		9B35983521B01CAB00019415 /* ImageCollectionView.swift in Sources */ = {isa = PBXBuildFile; fileRef = 9B35983421B01CAB00019415 /* ImageCollectionView.swift */; };
		9B35983721B0217A00019415 /* ImageDetailSectionTwoCollectionCell.swift in Sources */ = {isa = PBXBuildFile; fileRef = 9B35983621B0217A00019415 /* ImageDetailSectionTwoCollectionCell.swift */; };
		9B35983921B02C3C00019415 /* ParentSection.swift in Sources */ = {isa = PBXBuildFile; fileRef = 9B35983821B02C3C00019415 /* ParentSection.swift */; };
		9B35983B21B2277200019415 /* ImageCollectionViewModel.swift in Sources */ = {isa = PBXBuildFile; fileRef = 9B35983A21B2277200019415 /* ImageCollectionViewModel.swift */; };
		9B35983D21B2286700019415 /* ImageCollectionRepository.swift in Sources */ = {isa = PBXBuildFile; fileRef = 9B35983C21B2286700019415 /* ImageCollectionRepository.swift */; };
		9B35983F21B249AA00019415 /* ImageCollectionKindView.swift in Sources */ = {isa = PBXBuildFile; fileRef = 9B35983E21B249AA00019415 /* ImageCollectionKindView.swift */; };
		9B35984321B24A8100019415 /* ImageCollectionKindViewCell.xib in Resources */ = {isa = PBXBuildFile; fileRef = 9B35984221B24A8100019415 /* ImageCollectionKindViewCell.xib */; };
		9B35984521B3A84100019415 /* ImageDetailTableView.swift in Sources */ = {isa = PBXBuildFile; fileRef = 9B35984421B3A84100019415 /* ImageDetailTableView.swift */; };
		9B35984721B3A9FE00019415 /* ImageDetailTableView.storyboard in Resources */ = {isa = PBXBuildFile; fileRef = 9B35984621B3A9FE00019415 /* ImageDetailTableView.storyboard */; };
		9B35984921B3B6DE00019415 /* ImageDetailSectionTwoCell.swift in Sources */ = {isa = PBXBuildFile; fileRef = 9B35984821B3B6DE00019415 /* ImageDetailSectionTwoCell.swift */; };
		9B35984B21B3B77600019415 /* ImageDetailSectionTwo.xib in Resources */ = {isa = PBXBuildFile; fileRef = 9B35984A21B3B77600019415 /* ImageDetailSectionTwo.xib */; };
		9B46F00821B42256007762DB /* ImageSection.swift in Sources */ = {isa = PBXBuildFile; fileRef = 9B46F00721B42256007762DB /* ImageSection.swift */; };
		9B46F00A21B425C2007762DB /* ImageDetailTableViewModel.swift in Sources */ = {isa = PBXBuildFile; fileRef = 9B46F00921B425C2007762DB /* ImageDetailTableViewModel.swift */; };
		9B46F00C21B42603007762DB /* ImageDetailTableRepository.swift in Sources */ = {isa = PBXBuildFile; fileRef = 9B46F00B21B42603007762DB /* ImageDetailTableRepository.swift */; };
		9B46F01221B96A10007762DB /* ImageDetailView.swift in Sources */ = {isa = PBXBuildFile; fileRef = 9B46F01121B96A10007762DB /* ImageDetailView.swift */; };
		9B46F01621B96ACA007762DB /* ImageDetailSectionOne.xib in Resources */ = {isa = PBXBuildFile; fileRef = 9B46F01521B96ACA007762DB /* ImageDetailSectionOne.xib */; };
		9B46F01821B96B6E007762DB /* ImageDetailSectionOneCell.swift in Sources */ = {isa = PBXBuildFile; fileRef = 9B46F01721B96B6E007762DB /* ImageDetailSectionOneCell.swift */; };
		9B46F01A21BAB1AB007762DB /* Card.xib in Resources */ = {isa = PBXBuildFile; fileRef = 9B46F01921BAB1AB007762DB /* Card.xib */; };
		9BB63EC7218B456800BEB6BE /* SVProgressHUD.framework in Frameworks */ = {isa = PBXBuildFile; fileRef = 9BB63EC6218B456800BEB6BE /* SVProgressHUD.framework */; };
		9BB63ECA218C828A00BEB6BE /* FirebaseSignIn.storyboard in Resources */ = {isa = PBXBuildFile; fileRef = 9BB63EC9218C828A00BEB6BE /* FirebaseSignIn.storyboard */; };
		9BB63ECC218DE0EE00BEB6BE /* Firebase+Rx.swift in Sources */ = {isa = PBXBuildFile; fileRef = 9BB63ECB218DE0EE00BEB6BE /* Firebase+Rx.swift */; };
		9BB63ECE218DE4C400BEB6BE /* GoogleService-Info.plist in Resources */ = {isa = PBXBuildFile; fileRef = 9BB63ECD218DE4C400BEB6BE /* GoogleService-Info.plist */; };
		9BB63ED0218DE65500BEB6BE /* FirebaseAuthView.swift in Sources */ = {isa = PBXBuildFile; fileRef = 9BB63ECF218DE65500BEB6BE /* FirebaseAuthView.swift */; };
		9BB63ED4218E09C600BEB6BE /* AuthResult.swift in Sources */ = {isa = PBXBuildFile; fileRef = 9BB63ED3218E09C600BEB6BE /* AuthResult.swift */; };
		9BB63ED6218EACF500BEB6BE /* FirebaseAuth.storyboard in Resources */ = {isa = PBXBuildFile; fileRef = 9BB63ED5218EACF500BEB6BE /* FirebaseAuth.storyboard */; };
		9BB63ED8218EBCBF00BEB6BE /* FirebaseSignInView.swift in Sources */ = {isa = PBXBuildFile; fileRef = 9BB63ED7218EBCBF00BEB6BE /* FirebaseSignInView.swift */; };
		9BB63EDF218EC02500BEB6BE /* FirebaseSignInViewModel.swift in Sources */ = {isa = PBXBuildFile; fileRef = 9BB63EDE218EC02500BEB6BE /* FirebaseSignInViewModel.swift */; };
		9BB63EE2218EC4C900BEB6BE /* FirebaseSignInRepository.swift in Sources */ = {isa = PBXBuildFile; fileRef = 9BB63EE1218EC4C900BEB6BE /* FirebaseSignInRepository.swift */; };
		9BB63EE7218ED75A00BEB6BE /* Realm.swift in Sources */ = {isa = PBXBuildFile; fileRef = 9BB63EE6218ED75A00BEB6BE /* Realm.swift */; };
		9BB63EE9218F158C00BEB6BE /* AuthUser.swift in Sources */ = {isa = PBXBuildFile; fileRef = 9BB63EE8218F158C00BEB6BE /* AuthUser.swift */; };
		9BB63EEB218F227600BEB6BE /* DefaultWireframe.swift in Sources */ = {isa = PBXBuildFile; fileRef = 9BB63EEA218F227600BEB6BE /* DefaultWireframe.swift */; };
		9BB63EEE218F3C1E00BEB6BE /* FirebaseChat.storyboard in Resources */ = {isa = PBXBuildFile; fileRef = 9BB63EED218F3C1E00BEB6BE /* FirebaseChat.storyboard */; };
		9BB63EF021906F3100BEB6BE /* FirebaseChatView.swift in Sources */ = {isa = PBXBuildFile; fileRef = 9BB63EEF21906F3100BEB6BE /* FirebaseChatView.swift */; };
		9BB63EF22190740E00BEB6BE /* Message.swift in Sources */ = {isa = PBXBuildFile; fileRef = 9BB63EF12190740E00BEB6BE /* Message.swift */; };
		9BB63EF42190757800BEB6BE /* MessageKit.framework in Frameworks */ = {isa = PBXBuildFile; fileRef = 9BB63EF32190757800BEB6BE /* MessageKit.framework */; };
		9BB63EF82195A70D00BEB6BE /* FirebaseChatList.storyboard in Resources */ = {isa = PBXBuildFile; fileRef = 9BB63EF72195A70D00BEB6BE /* FirebaseChatList.storyboard */; };
		9BB63EFA2195AB5900BEB6BE /* FirebaseChatListView.swift in Sources */ = {isa = PBXBuildFile; fileRef = 9BB63EF92195AB5900BEB6BE /* FirebaseChatListView.swift */; };
		9BB63EFC2195AC7000BEB6BE /* FirebaseChatListCell.swift in Sources */ = {isa = PBXBuildFile; fileRef = 9BB63EFB2195AC7000BEB6BE /* FirebaseChatListCell.swift */; };
		9BB63EFE2196A8B300BEB6BE /* FirebaseChatListModel.swift in Sources */ = {isa = PBXBuildFile; fileRef = 9BB63EFD2196A8B300BEB6BE /* FirebaseChatListModel.swift */; };
		9BB63F022198372A00BEB6BE /* Differentiator.framework in Frameworks */ = {isa = PBXBuildFile; fileRef = 9BB63F012198372A00BEB6BE /* Differentiator.framework */; };
		9BB63F05219B15A300BEB6BE /* RoundPart.swift in Sources */ = {isa = PBXBuildFile; fileRef = 9BB63F04219B15A300BEB6BE /* RoundPart.swift */; };
		9BB63F09219C668600BEB6BE /* Router.swift in Sources */ = {isa = PBXBuildFile; fileRef = 9BB63F08219C668600BEB6BE /* Router.swift */; };
		9BB63F0B219C66A900BEB6BE /* Router.storyboard in Resources */ = {isa = PBXBuildFile; fileRef = 9BB63F0A219C66A900BEB6BE /* Router.storyboard */; };
		9BB63F0D219DB1A700BEB6BE /* FirebaseChatListViewModel.swift in Sources */ = {isa = PBXBuildFile; fileRef = 9BB63F0C219DB1A700BEB6BE /* FirebaseChatListViewModel.swift */; };
		9BB63F0F219DB2F700BEB6BE /* FirebaseChatListRepository.swift in Sources */ = {isa = PBXBuildFile; fileRef = 9BB63F0E219DB2F700BEB6BE /* FirebaseChatListRepository.swift */; };
		9BB63F19219F0BA700BEB6BE /* AuthEnum.swift in Sources */ = {isa = PBXBuildFile; fileRef = 9BB63F18219F0BA700BEB6BE /* AuthEnum.swift */; };
		9BB63F1B219F18A200BEB6BE /* FirebaseCreateRoom.storyboard in Resources */ = {isa = PBXBuildFile; fileRef = 9BB63F1A219F18A200BEB6BE /* FirebaseCreateRoom.storyboard */; };
		9BB63F1D21A181A500BEB6BE /* FirebaseCreateRoomView.swift in Sources */ = {isa = PBXBuildFile; fileRef = 9BB63F1C21A181A500BEB6BE /* FirebaseCreateRoomView.swift */; };
		9BB63F1F21A1A6D800BEB6BE /* FirebaseUser.storyboard in Resources */ = {isa = PBXBuildFile; fileRef = 9BB63F1E21A1A6D700BEB6BE /* FirebaseUser.storyboard */; };
		9BC803142185ED8B00E16993 /* GitHubCell.swift in Sources */ = {isa = PBXBuildFile; fileRef = 9BC803132185ED8B00E16993 /* GitHubCell.swift */; };
		9BC803192186CAA000E16993 /* SampleWebView.swift in Sources */ = {isa = PBXBuildFile; fileRef = 9BC803182186CAA000E16993 /* SampleWebView.swift */; };
		9BC8031B2186CB0200E16993 /* SampleWebView.storyboard in Resources */ = {isa = PBXBuildFile; fileRef = 9BC8031A2186CB0200E16993 /* SampleWebView.storyboard */; };
		9BE8161221A3037F00C5C371 /* FirebaseUserView.swift in Sources */ = {isa = PBXBuildFile; fileRef = 9BE8161121A3037F00C5C371 /* FirebaseUserView.swift */; };
		9BE8161B21A5903E00C5C371 /* RxMediaPicker.framework in Frameworks */ = {isa = PBXBuildFile; fileRef = 9BE8161A21A5903E00C5C371 /* RxMediaPicker.framework */; };
		9BE8161D21A79E8F00C5C371 /* ObservableType.swift in Sources */ = {isa = PBXBuildFile; fileRef = 9BE8161C21A79E8F00C5C371 /* ObservableType.swift */; };
		9BE8161F21A79EB700C5C371 /* WKWebView+Rx.swift in Sources */ = {isa = PBXBuildFile; fileRef = 9BE8161E21A79EB700C5C371 /* WKWebView+Rx.swift */; };
		9BE8162121A79EF300C5C371 /* Date.swift in Sources */ = {isa = PBXBuildFile; fileRef = 9BE8162021A79EF300C5C371 /* Date.swift */; };
		9BE8162321A7A09900C5C371 /* Firebase.plist in Resources */ = {isa = PBXBuildFile; fileRef = 9BE8162221A7A09900C5C371 /* Firebase.plist */; };
		9BE8162521A7B40F00C5C371 /* FirebaseUserRepository.swift in Sources */ = {isa = PBXBuildFile; fileRef = 9BE8162421A7B40F00C5C371 /* FirebaseUserRepository.swift */; };
		9BE8162721A7B42700C5C371 /* FirebaseUserViewModel.swift in Sources */ = {isa = PBXBuildFile; fileRef = 9BE8162621A7B42700C5C371 /* FirebaseUserViewModel.swift */; };
/* End PBXBuildFile section */

/* Begin PBXContainerItemProxy section */
		9B083FDE212AFF7000C537D5 /* PBXContainerItemProxy */ = {
			isa = PBXContainerItemProxy;
			containerPortal = 9B083FC1212AFF6F00C537D5 /* Project object */;
			proxyType = 1;
			remoteGlobalIDString = 9B083FC8212AFF6F00C537D5;
			remoteInfo = SwiftApp;
		};
		9B083FE9212AFF7000C537D5 /* PBXContainerItemProxy */ = {
			isa = PBXContainerItemProxy;
			containerPortal = 9B083FC1212AFF6F00C537D5 /* Project object */;
			proxyType = 1;
			remoteGlobalIDString = 9B083FC8212AFF6F00C537D5;
			remoteInfo = SwiftApp;
		};
/* End PBXContainerItemProxy section */

/* Begin PBXFileReference section */
		19C1C69C28A13C2F9CA2797D /* Pods_SwiftApp.framework */ = {isa = PBXFileReference; explicitFileType = wrapper.framework; includeInIndex = 0; path = Pods_SwiftApp.framework; sourceTree = BUILT_PRODUCTS_DIR; };
		390B0B9D49959A6FFA244133 /* Pods-SwiftApp.release.xcconfig */ = {isa = PBXFileReference; includeInIndex = 1; lastKnownFileType = text.xcconfig; name = "Pods-SwiftApp.release.xcconfig"; path = "Pods/Target Support Files/Pods-SwiftApp/Pods-SwiftApp.release.xcconfig"; sourceTree = "<group>"; };
		7D304340B6A880EEEB90F8A7 /* Pods-SwiftAppTests.debug.xcconfig */ = {isa = PBXFileReference; includeInIndex = 1; lastKnownFileType = text.xcconfig; name = "Pods-SwiftAppTests.debug.xcconfig"; path = "Pods/Target Support Files/Pods-SwiftAppTests/Pods-SwiftAppTests.debug.xcconfig"; sourceTree = "<group>"; };
		7E28A2DEF701201253E5734E /* Pods-SwiftApp.debug.xcconfig */ = {isa = PBXFileReference; includeInIndex = 1; lastKnownFileType = text.xcconfig; name = "Pods-SwiftApp.debug.xcconfig"; path = "Pods/Target Support Files/Pods-SwiftApp/Pods-SwiftApp.debug.xcconfig"; sourceTree = "<group>"; };
		8CDCFFF2D78978EC6172105D /* Pods_SwiftAppTests.framework */ = {isa = PBXFileReference; explicitFileType = wrapper.framework; includeInIndex = 0; path = Pods_SwiftAppTests.framework; sourceTree = BUILT_PRODUCTS_DIR; };
		9B083FC9212AFF6F00C537D5 /* SwiftApp.app */ = {isa = PBXFileReference; explicitFileType = wrapper.application; includeInIndex = 0; path = SwiftApp.app; sourceTree = BUILT_PRODUCTS_DIR; };
		9B083FCC212AFF6F00C537D5 /* AppDelegate.swift */ = {isa = PBXFileReference; lastKnownFileType = sourcecode.swift; path = AppDelegate.swift; sourceTree = "<group>"; };
		9B083FCE212AFF6F00C537D5 /* ViewController.swift */ = {isa = PBXFileReference; lastKnownFileType = sourcecode.swift; path = ViewController.swift; sourceTree = "<group>"; };
		9B083FD1212AFF6F00C537D5 /* Base */ = {isa = PBXFileReference; lastKnownFileType = file.storyboard; name = Base; path = Base.lproj/Main.storyboard; sourceTree = "<group>"; };
		9B083FD3212AFF7000C537D5 /* Assets.xcassets */ = {isa = PBXFileReference; lastKnownFileType = folder.assetcatalog; path = Assets.xcassets; sourceTree = "<group>"; };
		9B083FD6212AFF7000C537D5 /* Base */ = {isa = PBXFileReference; lastKnownFileType = file.storyboard; name = Base; path = Base.lproj/LaunchScreen.storyboard; sourceTree = "<group>"; };
		9B083FD8212AFF7000C537D5 /* Info.plist */ = {isa = PBXFileReference; lastKnownFileType = text.plist.xml; path = Info.plist; sourceTree = "<group>"; };
		9B083FDD212AFF7000C537D5 /* SwiftAppTests.xctest */ = {isa = PBXFileReference; explicitFileType = wrapper.cfbundle; includeInIndex = 0; path = SwiftAppTests.xctest; sourceTree = BUILT_PRODUCTS_DIR; };
		9B083FE1212AFF7000C537D5 /* SwiftAppTests.swift */ = {isa = PBXFileReference; lastKnownFileType = sourcecode.swift; path = SwiftAppTests.swift; sourceTree = "<group>"; };
		9B083FE3212AFF7000C537D5 /* Info.plist */ = {isa = PBXFileReference; lastKnownFileType = text.plist.xml; path = Info.plist; sourceTree = "<group>"; };
		9B083FE8212AFF7000C537D5 /* SwiftAppUITests.xctest */ = {isa = PBXFileReference; explicitFileType = wrapper.cfbundle; includeInIndex = 0; path = SwiftAppUITests.xctest; sourceTree = BUILT_PRODUCTS_DIR; };
		9B083FEC212AFF7000C537D5 /* SwiftAppUITests.swift */ = {isa = PBXFileReference; lastKnownFileType = sourcecode.swift; path = SwiftAppUITests.swift; sourceTree = "<group>"; };
		9B083FEE212AFF7000C537D5 /* Info.plist */ = {isa = PBXFileReference; lastKnownFileType = text.plist.xml; path = Info.plist; sourceTree = "<group>"; };
		9B083FFB212B0A3900C537D5 /* SampleView.swift */ = {isa = PBXFileReference; lastKnownFileType = sourcecode.swift; path = SampleView.swift; sourceTree = "<group>"; };
		9B083FFD212B0B7E00C537D5 /* SampleViewModel.swift */ = {isa = PBXFileReference; lastKnownFileType = sourcecode.swift; path = SampleViewModel.swift; sourceTree = "<group>"; };
		9B083FFF212B0B8D00C537D5 /* SampleModel.swift */ = {isa = PBXFileReference; lastKnownFileType = sourcecode.swift; path = SampleModel.swift; sourceTree = "<group>"; };
		9B084001212C516F00C537D5 /* SampleList.storyboard */ = {isa = PBXFileReference; lastKnownFileType = file.storyboard; path = SampleList.storyboard; sourceTree = "<group>"; };
		9B2FB702217E02F400610D43 /* GithubService.swift */ = {isa = PBXFileReference; lastKnownFileType = sourcecode.swift; path = GithubService.swift; sourceTree = "<group>"; };
		9B2FB705217F535400610D43 /* RxSwift.framework */ = {isa = PBXFileReference; lastKnownFileType = wrapper.framework; name = RxSwift.framework; path = Carthage/Build/iOS/RxSwift.framework; sourceTree = "<group>"; };
		9B2FB707217F537000610D43 /* RealmSwift.framework */ = {isa = PBXFileReference; lastKnownFileType = wrapper.framework; name = RealmSwift.framework; path = Carthage/Build/iOS/RealmSwift.framework; sourceTree = "<group>"; };
		9B2FB709217F538300610D43 /* RxCocoa.framework */ = {isa = PBXFileReference; lastKnownFileType = wrapper.framework; name = RxCocoa.framework; path = Carthage/Build/iOS/RxCocoa.framework; sourceTree = "<group>"; };
		9B2FB70B217F539700610D43 /* Moya.framework */ = {isa = PBXFileReference; lastKnownFileType = wrapper.framework; name = Moya.framework; path = Carthage/Build/iOS/Moya.framework; sourceTree = "<group>"; };
		9B2FB70D217F53AB00610D43 /* RxMoya.framework */ = {isa = PBXFileReference; lastKnownFileType = wrapper.framework; name = RxMoya.framework; path = Carthage/Build/iOS/RxMoya.framework; sourceTree = "<group>"; };
		9B2FB70F217F53C600610D43 /* Result.framework */ = {isa = PBXFileReference; lastKnownFileType = wrapper.framework; name = Result.framework; path = Carthage/Build/iOS/Result.framework; sourceTree = "<group>"; };
		9B2FB711217F53D500610D43 /* Alamofire.framework */ = {isa = PBXFileReference; lastKnownFileType = wrapper.framework; name = Alamofire.framework; path = Carthage/Build/iOS/Alamofire.framework; sourceTree = "<group>"; };
		9B2FB71321840B2500610D43 /* Realm.framework */ = {isa = PBXFileReference; lastKnownFileType = wrapper.framework; name = Realm.framework; path = Carthage/Build/iOS/Realm.framework; sourceTree = "<group>"; };
		9B2FB71521840BC300610D43 /* SampleRepository.swift */ = {isa = PBXFileReference; lastKnownFileType = sourcecode.swift; path = SampleRepository.swift; sourceTree = "<group>"; };
		9B2FB71721840C1800610D43 /* Provider.swift */ = {isa = PBXFileReference; lastKnownFileType = sourcecode.swift; path = Provider.swift; sourceTree = "<group>"; };
		9B31C9BC216B372000470A57 /* TabBarController.swift */ = {isa = PBXFileReference; lastKnownFileType = sourcecode.swift; path = TabBarController.swift; sourceTree = "<group>"; };
		9B340ED5218721EC001149D4 /* AMScrollingNavbar.framework */ = {isa = PBXFileReference; lastKnownFileType = wrapper.framework; name = AMScrollingNavbar.framework; path = Carthage/Build/iOS/AMScrollingNavbar.framework; sourceTree = "<group>"; };
		9B35981821A8551B00019415 /* User.swift */ = {isa = PBXFileReference; lastKnownFileType = sourcecode.swift; path = User.swift; sourceTree = "<group>"; };
		9B35981A21AA5F7100019415 /* RoundImage.swift */ = {isa = PBXFileReference; lastKnownFileType = sourcecode.swift; path = RoundImage.swift; sourceTree = "<group>"; };
		9B35981C21AA7ECE00019415 /* ImagePickerService.swift */ = {isa = PBXFileReference; lastKnownFileType = sourcecode.swift; path = ImagePickerService.swift; sourceTree = "<group>"; };
		9B35982721AC3C2F00019415 /* RxNuke.framework */ = {isa = PBXFileReference; lastKnownFileType = wrapper.framework; name = RxNuke.framework; path = Carthage/Build/iOS/RxNuke.framework; sourceTree = "<group>"; };
		9B35982921AC3C4800019415 /* Nuke.framework */ = {isa = PBXFileReference; lastKnownFileType = wrapper.framework; name = Nuke.framework; path = Carthage/Build/iOS/Nuke.framework; sourceTree = "<group>"; };
		9B35983021B017D200019415 /* ImageDetailSectionTwo.storyboard */ = {isa = PBXFileReference; lastKnownFileType = file.storyboard; path = ImageDetailSectionTwo.storyboard; sourceTree = "<group>"; };
		9B35983221B0187C00019415 /* ImageDetailSectionTwoCollection.xib */ = {isa = PBXFileReference; lastKnownFileType = file.xib; path = ImageDetailSectionTwoCollection.xib; sourceTree = "<group>"; };
		9B35983421B01CAB00019415 /* ImageCollectionView.swift */ = {isa = PBXFileReference; lastKnownFileType = sourcecode.swift; path = ImageCollectionView.swift; sourceTree = "<group>"; };
		9B35983621B0217A00019415 /* ImageDetailSectionTwoCollectionCell.swift */ = {isa = PBXFileReference; lastKnownFileType = sourcecode.swift; path = ImageDetailSectionTwoCollectionCell.swift; sourceTree = "<group>"; };
		9B35983821B02C3C00019415 /* ParentSection.swift */ = {isa = PBXFileReference; lastKnownFileType = sourcecode.swift; path = ParentSection.swift; sourceTree = "<group>"; };
		9B35983A21B2277200019415 /* ImageCollectionViewModel.swift */ = {isa = PBXFileReference; lastKnownFileType = sourcecode.swift; path = ImageCollectionViewModel.swift; sourceTree = "<group>"; };
		9B35983C21B2286700019415 /* ImageCollectionRepository.swift */ = {isa = PBXFileReference; lastKnownFileType = sourcecode.swift; path = ImageCollectionRepository.swift; sourceTree = "<group>"; };
		9B35983E21B249AA00019415 /* ImageCollectionKindView.swift */ = {isa = PBXFileReference; lastKnownFileType = sourcecode.swift; path = ImageCollectionKindView.swift; sourceTree = "<group>"; };
		9B35984221B24A8100019415 /* ImageCollectionKindViewCell.xib */ = {isa = PBXFileReference; lastKnownFileType = file.xib; path = ImageCollectionKindViewCell.xib; sourceTree = "<group>"; };
		9B35984421B3A84100019415 /* ImageDetailTableView.swift */ = {isa = PBXFileReference; lastKnownFileType = sourcecode.swift; path = ImageDetailTableView.swift; sourceTree = "<group>"; };
		9B35984621B3A9FE00019415 /* ImageDetailTableView.storyboard */ = {isa = PBXFileReference; lastKnownFileType = file.storyboard; path = ImageDetailTableView.storyboard; sourceTree = "<group>"; };
		9B35984821B3B6DE00019415 /* ImageDetailSectionTwoCell.swift */ = {isa = PBXFileReference; lastKnownFileType = sourcecode.swift; path = ImageDetailSectionTwoCell.swift; sourceTree = "<group>"; };
		9B35984A21B3B77600019415 /* ImageDetailSectionTwo.xib */ = {isa = PBXFileReference; lastKnownFileType = file.xib; path = ImageDetailSectionTwo.xib; sourceTree = "<group>"; };
		9B46F00721B42256007762DB /* ImageSection.swift */ = {isa = PBXFileReference; lastKnownFileType = sourcecode.swift; path = ImageSection.swift; sourceTree = "<group>"; };
		9B46F00921B425C2007762DB /* ImageDetailTableViewModel.swift */ = {isa = PBXFileReference; lastKnownFileType = sourcecode.swift; path = ImageDetailTableViewModel.swift; sourceTree = "<group>"; };
		9B46F00B21B42603007762DB /* ImageDetailTableRepository.swift */ = {isa = PBXFileReference; lastKnownFileType = sourcecode.swift; path = ImageDetailTableRepository.swift; sourceTree = "<group>"; };
		9B46F01121B96A10007762DB /* ImageDetailView.swift */ = {isa = PBXFileReference; lastKnownFileType = sourcecode.swift; path = ImageDetailView.swift; sourceTree = "<group>"; };
		9B46F01521B96ACA007762DB /* ImageDetailSectionOne.xib */ = {isa = PBXFileReference; lastKnownFileType = file.xib; path = ImageDetailSectionOne.xib; sourceTree = "<group>"; };
		9B46F01721B96B6E007762DB /* ImageDetailSectionOneCell.swift */ = {isa = PBXFileReference; lastKnownFileType = sourcecode.swift; path = ImageDetailSectionOneCell.swift; sourceTree = "<group>"; };
		9B46F01921BAB1AB007762DB /* Card.xib */ = {isa = PBXFileReference; lastKnownFileType = file.xib; path = Card.xib; sourceTree = "<group>"; };
		9B4EB1D9A129BE59B66DD696 /* Pods-SwiftAppUITests.release.xcconfig */ = {isa = PBXFileReference; includeInIndex = 1; lastKnownFileType = text.xcconfig; name = "Pods-SwiftAppUITests.release.xcconfig"; path = "Pods/Target Support Files/Pods-SwiftAppUITests/Pods-SwiftAppUITests.release.xcconfig"; sourceTree = "<group>"; };
		9BB63EC6218B456800BEB6BE /* SVProgressHUD.framework */ = {isa = PBXFileReference; lastKnownFileType = wrapper.framework; name = SVProgressHUD.framework; path = Carthage/Build/iOS/SVProgressHUD.framework; sourceTree = "<group>"; };
		9BB63EC9218C828A00BEB6BE /* FirebaseSignIn.storyboard */ = {isa = PBXFileReference; lastKnownFileType = file.storyboard; path = FirebaseSignIn.storyboard; sourceTree = "<group>"; };
		9BB63ECB218DE0EE00BEB6BE /* Firebase+Rx.swift */ = {isa = PBXFileReference; lastKnownFileType = sourcecode.swift; path = "Firebase+Rx.swift"; sourceTree = "<group>"; };
		9BB63ECD218DE4C400BEB6BE /* GoogleService-Info.plist */ = {isa = PBXFileReference; fileEncoding = 4; lastKnownFileType = text.plist.xml; path = "GoogleService-Info.plist"; sourceTree = "<group>"; };
		9BB63ECF218DE65500BEB6BE /* FirebaseAuthView.swift */ = {isa = PBXFileReference; lastKnownFileType = sourcecode.swift; path = FirebaseAuthView.swift; sourceTree = "<group>"; };
		9BB63ED3218E09C600BEB6BE /* AuthResult.swift */ = {isa = PBXFileReference; lastKnownFileType = sourcecode.swift; path = AuthResult.swift; sourceTree = "<group>"; };
		9BB63ED5218EACF500BEB6BE /* FirebaseAuth.storyboard */ = {isa = PBXFileReference; lastKnownFileType = file.storyboard; path = FirebaseAuth.storyboard; sourceTree = "<group>"; };
		9BB63ED7218EBCBF00BEB6BE /* FirebaseSignInView.swift */ = {isa = PBXFileReference; lastKnownFileType = sourcecode.swift; path = FirebaseSignInView.swift; sourceTree = "<group>"; };
		9BB63EDE218EC02500BEB6BE /* FirebaseSignInViewModel.swift */ = {isa = PBXFileReference; lastKnownFileType = sourcecode.swift; path = FirebaseSignInViewModel.swift; sourceTree = "<group>"; };
		9BB63EE1218EC4C900BEB6BE /* FirebaseSignInRepository.swift */ = {isa = PBXFileReference; lastKnownFileType = sourcecode.swift; path = FirebaseSignInRepository.swift; sourceTree = "<group>"; };
		9BB63EE6218ED75A00BEB6BE /* Realm.swift */ = {isa = PBXFileReference; lastKnownFileType = sourcecode.swift; path = Realm.swift; sourceTree = "<group>"; };
		9BB63EE8218F158C00BEB6BE /* AuthUser.swift */ = {isa = PBXFileReference; lastKnownFileType = sourcecode.swift; path = AuthUser.swift; sourceTree = "<group>"; };
		9BB63EEA218F227600BEB6BE /* DefaultWireframe.swift */ = {isa = PBXFileReference; lastKnownFileType = sourcecode.swift; path = DefaultWireframe.swift; sourceTree = "<group>"; };
		9BB63EED218F3C1E00BEB6BE /* FirebaseChat.storyboard */ = {isa = PBXFileReference; lastKnownFileType = file.storyboard; path = FirebaseChat.storyboard; sourceTree = "<group>"; };
		9BB63EEF21906F3100BEB6BE /* FirebaseChatView.swift */ = {isa = PBXFileReference; lastKnownFileType = sourcecode.swift; path = FirebaseChatView.swift; sourceTree = "<group>"; };
		9BB63EF12190740E00BEB6BE /* Message.swift */ = {isa = PBXFileReference; lastKnownFileType = sourcecode.swift; path = Message.swift; sourceTree = "<group>"; };
		9BB63EF32190757800BEB6BE /* MessageKit.framework */ = {isa = PBXFileReference; lastKnownFileType = wrapper.framework; name = MessageKit.framework; path = Carthage/Build/iOS/MessageKit.framework; sourceTree = "<group>"; };
		9BB63EF72195A70D00BEB6BE /* FirebaseChatList.storyboard */ = {isa = PBXFileReference; lastKnownFileType = file.storyboard; path = FirebaseChatList.storyboard; sourceTree = "<group>"; };
		9BB63EF92195AB5900BEB6BE /* FirebaseChatListView.swift */ = {isa = PBXFileReference; lastKnownFileType = sourcecode.swift; path = FirebaseChatListView.swift; sourceTree = "<group>"; };
		9BB63EFB2195AC7000BEB6BE /* FirebaseChatListCell.swift */ = {isa = PBXFileReference; lastKnownFileType = sourcecode.swift; path = FirebaseChatListCell.swift; sourceTree = "<group>"; };
		9BB63EFD2196A8B300BEB6BE /* FirebaseChatListModel.swift */ = {isa = PBXFileReference; lastKnownFileType = sourcecode.swift; path = FirebaseChatListModel.swift; sourceTree = "<group>"; };
		9BB63F00219836BB00BEB6BE /* RxDataSources.framework */ = {isa = PBXFileReference; lastKnownFileType = wrapper.framework; name = RxDataSources.framework; path = Carthage/Build/iOS/RxDataSources.framework; sourceTree = "<group>"; };
		9BB63F012198372A00BEB6BE /* Differentiator.framework */ = {isa = PBXFileReference; lastKnownFileType = wrapper.framework; name = Differentiator.framework; path = Carthage/Build/iOS/Differentiator.framework; sourceTree = "<group>"; };
		9BB63F04219B15A300BEB6BE /* RoundPart.swift */ = {isa = PBXFileReference; lastKnownFileType = sourcecode.swift; path = RoundPart.swift; sourceTree = "<group>"; };
		9BB63F08219C668600BEB6BE /* Router.swift */ = {isa = PBXFileReference; lastKnownFileType = sourcecode.swift; path = Router.swift; sourceTree = "<group>"; };
		9BB63F0A219C66A900BEB6BE /* Router.storyboard */ = {isa = PBXFileReference; lastKnownFileType = file.storyboard; path = Router.storyboard; sourceTree = "<group>"; };
		9BB63F0C219DB1A700BEB6BE /* FirebaseChatListViewModel.swift */ = {isa = PBXFileReference; lastKnownFileType = sourcecode.swift; path = FirebaseChatListViewModel.swift; sourceTree = "<group>"; };
		9BB63F0E219DB2F700BEB6BE /* FirebaseChatListRepository.swift */ = {isa = PBXFileReference; lastKnownFileType = sourcecode.swift; path = FirebaseChatListRepository.swift; sourceTree = "<group>"; };
		9BB63F18219F0BA700BEB6BE /* AuthEnum.swift */ = {isa = PBXFileReference; lastKnownFileType = sourcecode.swift; path = AuthEnum.swift; sourceTree = "<group>"; };
		9BB63F1A219F18A200BEB6BE /* FirebaseCreateRoom.storyboard */ = {isa = PBXFileReference; lastKnownFileType = file.storyboard; path = FirebaseCreateRoom.storyboard; sourceTree = "<group>"; };
		9BB63F1C21A181A500BEB6BE /* FirebaseCreateRoomView.swift */ = {isa = PBXFileReference; lastKnownFileType = sourcecode.swift; path = FirebaseCreateRoomView.swift; sourceTree = "<group>"; };
		9BB63F1E21A1A6D700BEB6BE /* FirebaseUser.storyboard */ = {isa = PBXFileReference; lastKnownFileType = file.storyboard; path = FirebaseUser.storyboard; sourceTree = "<group>"; };
		9BC803132185ED8B00E16993 /* GitHubCell.swift */ = {isa = PBXFileReference; lastKnownFileType = sourcecode.swift; path = GitHubCell.swift; sourceTree = "<group>"; };
		9BC803182186CAA000E16993 /* SampleWebView.swift */ = {isa = PBXFileReference; lastKnownFileType = sourcecode.swift; path = SampleWebView.swift; sourceTree = "<group>"; };
		9BC8031A2186CB0200E16993 /* SampleWebView.storyboard */ = {isa = PBXFileReference; lastKnownFileType = file.storyboard; path = SampleWebView.storyboard; sourceTree = "<group>"; };
		9BE8161121A3037F00C5C371 /* FirebaseUserView.swift */ = {isa = PBXFileReference; lastKnownFileType = sourcecode.swift; path = FirebaseUserView.swift; sourceTree = "<group>"; };
		9BE8161A21A5903E00C5C371 /* RxMediaPicker.framework */ = {isa = PBXFileReference; lastKnownFileType = wrapper.framework; name = RxMediaPicker.framework; path = Carthage/Build/iOS/RxMediaPicker.framework; sourceTree = "<group>"; };
		9BE8161C21A79E8F00C5C371 /* ObservableType.swift */ = {isa = PBXFileReference; lastKnownFileType = sourcecode.swift; path = ObservableType.swift; sourceTree = "<group>"; };
		9BE8161E21A79EB700C5C371 /* WKWebView+Rx.swift */ = {isa = PBXFileReference; lastKnownFileType = sourcecode.swift; path = "WKWebView+Rx.swift"; sourceTree = "<group>"; };
		9BE8162021A79EF300C5C371 /* Date.swift */ = {isa = PBXFileReference; lastKnownFileType = sourcecode.swift; path = Date.swift; sourceTree = "<group>"; };
		9BE8162221A7A09900C5C371 /* Firebase.plist */ = {isa = PBXFileReference; lastKnownFileType = text.plist.xml; path = Firebase.plist; sourceTree = "<group>"; };
		9BE8162421A7B40F00C5C371 /* FirebaseUserRepository.swift */ = {isa = PBXFileReference; lastKnownFileType = sourcecode.swift; path = FirebaseUserRepository.swift; sourceTree = "<group>"; };
		9BE8162621A7B42700C5C371 /* FirebaseUserViewModel.swift */ = {isa = PBXFileReference; lastKnownFileType = sourcecode.swift; path = FirebaseUserViewModel.swift; sourceTree = "<group>"; };
		C6AA177836C48D6FD5BA004E /* Pods-SwiftAppTests.release.xcconfig */ = {isa = PBXFileReference; includeInIndex = 1; lastKnownFileType = text.xcconfig; name = "Pods-SwiftAppTests.release.xcconfig"; path = "Pods/Target Support Files/Pods-SwiftAppTests/Pods-SwiftAppTests.release.xcconfig"; sourceTree = "<group>"; };
		E0C69683FEB70C72C0370B04 /* Pods_SwiftAppUITests.framework */ = {isa = PBXFileReference; explicitFileType = wrapper.framework; includeInIndex = 0; path = Pods_SwiftAppUITests.framework; sourceTree = BUILT_PRODUCTS_DIR; };
		E57E2F5B7473ACB4AA8EEC27 /* Pods-SwiftAppUITests.debug.xcconfig */ = {isa = PBXFileReference; includeInIndex = 1; lastKnownFileType = text.xcconfig; name = "Pods-SwiftAppUITests.debug.xcconfig"; path = "Pods/Target Support Files/Pods-SwiftAppUITests/Pods-SwiftAppUITests.debug.xcconfig"; sourceTree = "<group>"; };
/* End PBXFileReference section */

/* Begin PBXFrameworksBuildPhase section */
		9B083FC6212AFF6F00C537D5 /* Frameworks */ = {
			isa = PBXFrameworksBuildPhase;
			buildActionMask = 2147483647;
			files = (
				9B35982A21AC3C4800019415 /* Nuke.framework in Frameworks */,
				9B35982821AC3C2F00019415 /* RxNuke.framework in Frameworks */,
				9BE8161B21A5903E00C5C371 /* RxMediaPicker.framework in Frameworks */,
				9BB63F022198372A00BEB6BE /* Differentiator.framework in Frameworks */,
				9BB63EF42190757800BEB6BE /* MessageKit.framework in Frameworks */,
				9BB63EC7218B456800BEB6BE /* SVProgressHUD.framework in Frameworks */,
				9B340ED6218721EC001149D4 /* AMScrollingNavbar.framework in Frameworks */,
				9B2FB71421840B2500610D43 /* Realm.framework in Frameworks */,
				9B2FB712217F53D500610D43 /* Alamofire.framework in Frameworks */,
				9B2FB710217F53C600610D43 /* Result.framework in Frameworks */,
				9B2FB70E217F53AB00610D43 /* RxMoya.framework in Frameworks */,
				9B2FB70C217F539700610D43 /* Moya.framework in Frameworks */,
				9B2FB70A217F538300610D43 /* RxCocoa.framework in Frameworks */,
				9B2FB708217F537000610D43 /* RealmSwift.framework in Frameworks */,
				9B2FB706217F535400610D43 /* RxSwift.framework in Frameworks */,
				444E75BD676E796122F33871 /* Pods_SwiftApp.framework in Frameworks */,
			);
			runOnlyForDeploymentPostprocessing = 0;
		};
		9B083FDA212AFF7000C537D5 /* Frameworks */ = {
			isa = PBXFrameworksBuildPhase;
			buildActionMask = 2147483647;
			files = (
				41DA1622AF172FC9179310F2 /* Pods_SwiftAppTests.framework in Frameworks */,
			);
			runOnlyForDeploymentPostprocessing = 0;
		};
		9B083FE5212AFF7000C537D5 /* Frameworks */ = {
			isa = PBXFrameworksBuildPhase;
			buildActionMask = 2147483647;
			files = (
				2645F9252855DE3563C65A7B /* Pods_SwiftAppUITests.framework in Frameworks */,
			);
			runOnlyForDeploymentPostprocessing = 0;
		};
/* End PBXFrameworksBuildPhase section */

/* Begin PBXGroup section */
		04BA78E2CD58F06B07585F43 /* Frameworks */ = {
			isa = PBXGroup;
			children = (
				9B35982921AC3C4800019415 /* Nuke.framework */,
				9B35982721AC3C2F00019415 /* RxNuke.framework */,
				9BE8161A21A5903E00C5C371 /* RxMediaPicker.framework */,
				9BB63F012198372A00BEB6BE /* Differentiator.framework */,
				9BB63F00219836BB00BEB6BE /* RxDataSources.framework */,
				9BB63EF32190757800BEB6BE /* MessageKit.framework */,
				9BB63EC6218B456800BEB6BE /* SVProgressHUD.framework */,
				9B340ED5218721EC001149D4 /* AMScrollingNavbar.framework */,
				9B2FB71321840B2500610D43 /* Realm.framework */,
				9B2FB711217F53D500610D43 /* Alamofire.framework */,
				9B2FB70F217F53C600610D43 /* Result.framework */,
				9B2FB70D217F53AB00610D43 /* RxMoya.framework */,
				9B2FB70B217F539700610D43 /* Moya.framework */,
				9B2FB709217F538300610D43 /* RxCocoa.framework */,
				9B2FB707217F537000610D43 /* RealmSwift.framework */,
				9B2FB705217F535400610D43 /* RxSwift.framework */,
				19C1C69C28A13C2F9CA2797D /* Pods_SwiftApp.framework */,
				8CDCFFF2D78978EC6172105D /* Pods_SwiftAppTests.framework */,
				E0C69683FEB70C72C0370B04 /* Pods_SwiftAppUITests.framework */,
			);
			name = Frameworks;
			sourceTree = "<group>";
		};
		9B083FC0212AFF6F00C537D5 = {
			isa = PBXGroup;
			children = (
				9B083FCB212AFF6F00C537D5 /* SwiftApp */,
				9B083FE0212AFF7000C537D5 /* SwiftAppTests */,
				9B083FEB212AFF7000C537D5 /* SwiftAppUITests */,
				9B083FCA212AFF6F00C537D5 /* Products */,
				EB156EBD71D333205E721981 /* Pods */,
				04BA78E2CD58F06B07585F43 /* Frameworks */,
			);
			sourceTree = "<group>";
		};
		9B083FCA212AFF6F00C537D5 /* Products */ = {
			isa = PBXGroup;
			children = (
				9B083FC9212AFF6F00C537D5 /* SwiftApp.app */,
				9B083FDD212AFF7000C537D5 /* SwiftAppTests.xctest */,
				9B083FE8212AFF7000C537D5 /* SwiftAppUITests.xctest */,
			);
			name = Products;
			sourceTree = "<group>";
		};
		9B083FCB212AFF6F00C537D5 /* SwiftApp */ = {
			isa = PBXGroup;
			children = (
				9B35982021AC388E00019415 /* Service */,
				9BB63F03219B157E00BEB6BE /* CustomView */,
				9BB63EE5218ED74D00BEB6BE /* Realm */,
				9B2FB701217E029600610D43 /* Shared */,
				9BE8161721A454D500C5C371 /* Extension */,
				9B083FFA212B09F700C537D5 /* GitHubViewer */,
				9BB63EC8218C81F200BEB6BE /* FirebaseSample */,
				9B083FCC212AFF6F00C537D5 /* AppDelegate.swift */,
				9B083FCE212AFF6F00C537D5 /* ViewController.swift */,
				9B083FD0212AFF6F00C537D5 /* Main.storyboard */,
				9B083FD3212AFF7000C537D5 /* Assets.xcassets */,
				9B083FD5212AFF7000C537D5 /* LaunchScreen.storyboard */,
				9BB63ECD218DE4C400BEB6BE /* GoogleService-Info.plist */,
				9BE8162221A7A09900C5C371 /* Firebase.plist */,
				9B083FD8212AFF7000C537D5 /* Info.plist */,
			);
			path = SwiftApp;
			sourceTree = "<group>";
		};
		9B083FE0212AFF7000C537D5 /* SwiftAppTests */ = {
			isa = PBXGroup;
			children = (
				9B083FE1212AFF7000C537D5 /* SwiftAppTests.swift */,
				9B083FE3212AFF7000C537D5 /* Info.plist */,
			);
			path = SwiftAppTests;
			sourceTree = "<group>";
		};
		9B083FEB212AFF7000C537D5 /* SwiftAppUITests */ = {
			isa = PBXGroup;
			children = (
				9B083FEC212AFF7000C537D5 /* SwiftAppUITests.swift */,
				9B083FEE212AFF7000C537D5 /* Info.plist */,
			);
			path = SwiftAppUITests;
			sourceTree = "<group>";
		};
		9B083FFA212B09F700C537D5 /* GitHubViewer */ = {
			isa = PBXGroup;
			children = (
				9B084001212C516F00C537D5 /* SampleList.storyboard */,
				9B2FB7192185C1BE00610D43 /* GitHubList */,
				9BC803172186C9E900E16993 /* GitHubBrowser */,
				9B31C9BC216B372000470A57 /* TabBarController.swift */,
			);
			path = GitHubViewer;
			sourceTree = "<group>";
		};
		9B2FB701217E029600610D43 /* Shared */ = {
			isa = PBXGroup;
			children = (
				9B2FB71721840C1800610D43 /* Provider.swift */,
				9BB63EEA218F227600BEB6BE /* DefaultWireframe.swift */,
			);
			path = Shared;
			sourceTree = "<group>";
		};
		9B2FB7192185C1BE00610D43 /* GitHubList */ = {
			isa = PBXGroup;
			children = (
				9B083FFB212B0A3900C537D5 /* SampleView.swift */,
				9B083FFD212B0B7E00C537D5 /* SampleViewModel.swift */,
				9B2FB71521840BC300610D43 /* SampleRepository.swift */,
				9B083FFF212B0B8D00C537D5 /* SampleModel.swift */,
				9BC803132185ED8B00E16993 /* GitHubCell.swift */,
			);
			path = GitHubList;
			sourceTree = "<group>";
		};
		9B35982021AC388E00019415 /* Service */ = {
			isa = PBXGroup;
			children = (
				9B2FB702217E02F400610D43 /* GithubService.swift */,
				9B35981C21AA7ECE00019415 /* ImagePickerService.swift */,
			);
			path = Service;
			sourceTree = "<group>";
		};
		9BB63EC8218C81F200BEB6BE /* FirebaseSample */ = {
			isa = PBXGroup;
			children = (
				9BB63EDB218EBFBA00BEB6BE /* View */,
				9BB63EDC218EBFC900BEB6BE /* ViewModel */,
				9BB63EDA218EBF3C00BEB6BE /* Model */,
				9BB63EE0218EC49300BEB6BE /* Repository */,
				9BB63ED9218EBF0D00BEB6BE /* FirebaseAuth */,
			);
			path = FirebaseSample;
			sourceTree = "<group>";
		};
		9BB63ED9218EBF0D00BEB6BE /* FirebaseAuth */ = {
			isa = PBXGroup;
			children = (
			);
			path = FirebaseAuth;
			sourceTree = "<group>";
		};
		9BB63EDA218EBF3C00BEB6BE /* Model */ = {
			isa = PBXGroup;
			children = (
				9BB63ED3218E09C600BEB6BE /* AuthResult.swift */,
				9BB63EE8218F158C00BEB6BE /* AuthUser.swift */,
				9BB63EF12190740E00BEB6BE /* Message.swift */,
				9BB63EFD2196A8B300BEB6BE /* FirebaseChatListModel.swift */,
				9BB63F18219F0BA700BEB6BE /* AuthEnum.swift */,
				9B35981821A8551B00019415 /* User.swift */,
				9B35983821B02C3C00019415 /* ParentSection.swift */,
				9B46F00721B42256007762DB /* ImageSection.swift */,
			);
			path = Model;
			sourceTree = "<group>";
		};
		9BB63EDB218EBFBA00BEB6BE /* View */ = {
			isa = PBXGroup;
			children = (
				9BB63EDD218EC00000BEB6BE /* StoryBoard */,
				9BB63ED7218EBCBF00BEB6BE /* FirebaseSignInView.swift */,
				9BB63ECF218DE65500BEB6BE /* FirebaseAuthView.swift */,
				9BB63EEF21906F3100BEB6BE /* FirebaseChatView.swift */,
				9BB63EF92195AB5900BEB6BE /* FirebaseChatListView.swift */,
				9BB63EFB2195AC7000BEB6BE /* FirebaseChatListCell.swift */,
				9BB63F1C21A181A500BEB6BE /* FirebaseCreateRoomView.swift */,
				9BE8161121A3037F00C5C371 /* FirebaseUserView.swift */,
				9BB63F08219C668600BEB6BE /* Router.swift */,
				9B46F01121B96A10007762DB /* ImageDetailView.swift */,
				9B35983421B01CAB00019415 /* ImageCollectionView.swift */,
				9B35983E21B249AA00019415 /* ImageCollectionKindView.swift */,
				9B35984421B3A84100019415 /* ImageDetailTableView.swift */,
				9B46F01721B96B6E007762DB /* ImageDetailSectionOneCell.swift */,
				9B35984821B3B6DE00019415 /* ImageDetailSectionTwoCell.swift */,
				9B35983621B0217A00019415 /* ImageDetailSectionTwoCollectionCell.swift */,
			);
			path = View;
			sourceTree = "<group>";
		};
		9BB63EDC218EBFC900BEB6BE /* ViewModel */ = {
			isa = PBXGroup;
			children = (
				9BB63EDE218EC02500BEB6BE /* FirebaseSignInViewModel.swift */,
				9BB63F0C219DB1A700BEB6BE /* FirebaseChatListViewModel.swift */,
				9BE8162621A7B42700C5C371 /* FirebaseUserViewModel.swift */,
				9B35983A21B2277200019415 /* ImageCollectionViewModel.swift */,
				9B46F00921B425C2007762DB /* ImageDetailTableViewModel.swift */,
			);
			path = ViewModel;
			sourceTree = "<group>";
		};
		9BB63EDD218EC00000BEB6BE /* StoryBoard */ = {
			isa = PBXGroup;
			children = (
				9BB63ED5218EACF500BEB6BE /* FirebaseAuth.storyboard */,
				9BB63EC9218C828A00BEB6BE /* FirebaseSignIn.storyboard */,
				9BB63EED218F3C1E00BEB6BE /* FirebaseChat.storyboard */,
				9BB63EF72195A70D00BEB6BE /* FirebaseChatList.storyboard */,
				9BB63F1A219F18A200BEB6BE /* FirebaseCreateRoom.storyboard */,
				9BB63F1E21A1A6D700BEB6BE /* FirebaseUser.storyboard */,
				9BB63F0A219C66A900BEB6BE /* Router.storyboard */,
				9B35983021B017D200019415 /* ImageDetailSectionTwo.storyboard */,
				9B35984221B24A8100019415 /* ImageCollectionKindViewCell.xib */,
				9B35984621B3A9FE00019415 /* ImageDetailTableView.storyboard */,
				9B46F01521B96ACA007762DB /* ImageDetailSectionOne.xib */,
				9B35984A21B3B77600019415 /* ImageDetailSectionTwo.xib */,
				9B35983221B0187C00019415 /* ImageDetailSectionTwoCollection.xib */,
				9B46F01921BAB1AB007762DB /* Card.xib */,
			);
			path = StoryBoard;
			sourceTree = "<group>";
		};
		9BB63EE0218EC49300BEB6BE /* Repository */ = {
			isa = PBXGroup;
			children = (
				9BB63EE1218EC4C900BEB6BE /* FirebaseSignInRepository.swift */,
				9BB63F0E219DB2F700BEB6BE /* FirebaseChatListRepository.swift */,
				9BE8162421A7B40F00C5C371 /* FirebaseUserRepository.swift */,
				9B35983C21B2286700019415 /* ImageCollectionRepository.swift */,
				9B46F00B21B42603007762DB /* ImageDetailTableRepository.swift */,
			);
			path = Repository;
			sourceTree = "<group>";
		};
		9BB63EE5218ED74D00BEB6BE /* Realm */ = {
			isa = PBXGroup;
			children = (
				9BB63EE6218ED75A00BEB6BE /* Realm.swift */,
			);
			path = Realm;
			sourceTree = "<group>";
		};
		9BB63F03219B157E00BEB6BE /* CustomView */ = {
			isa = PBXGroup;
			children = (
				9BB63F04219B15A300BEB6BE /* RoundPart.swift */,
			);
			path = CustomView;
			sourceTree = "<group>";
		};
		9BC803172186C9E900E16993 /* GitHubBrowser */ = {
			isa = PBXGroup;
			children = (
				9BC803182186CAA000E16993 /* SampleWebView.swift */,
				9BC8031A2186CB0200E16993 /* SampleWebView.storyboard */,
			);
			path = GitHubBrowser;
			sourceTree = "<group>";
		};
		9BE8161721A454D500C5C371 /* Extension */ = {
			isa = PBXGroup;
			children = (
				9BB63ECB218DE0EE00BEB6BE /* Firebase+Rx.swift */,
				9BE8161C21A79E8F00C5C371 /* ObservableType.swift */,
				9BE8161E21A79EB700C5C371 /* WKWebView+Rx.swift */,
				9BE8162021A79EF300C5C371 /* Date.swift */,
				9B35981A21AA5F7100019415 /* RoundImage.swift */,
			);
			path = Extension;
			sourceTree = "<group>";
		};
		EB156EBD71D333205E721981 /* Pods */ = {
			isa = PBXGroup;
			children = (
				7E28A2DEF701201253E5734E /* Pods-SwiftApp.debug.xcconfig */,
				390B0B9D49959A6FFA244133 /* Pods-SwiftApp.release.xcconfig */,
				7D304340B6A880EEEB90F8A7 /* Pods-SwiftAppTests.debug.xcconfig */,
				C6AA177836C48D6FD5BA004E /* Pods-SwiftAppTests.release.xcconfig */,
				E57E2F5B7473ACB4AA8EEC27 /* Pods-SwiftAppUITests.debug.xcconfig */,
				9B4EB1D9A129BE59B66DD696 /* Pods-SwiftAppUITests.release.xcconfig */,
			);
			name = Pods;
			sourceTree = "<group>";
		};
/* End PBXGroup section */

/* Begin PBXNativeTarget section */
		9B083FC8212AFF6F00C537D5 /* SwiftApp */ = {
			isa = PBXNativeTarget;
			buildConfigurationList = 9B083FF1212AFF7100C537D5 /* Build configuration list for PBXNativeTarget "SwiftApp" */;
			buildPhases = (
				3B9A47AFB2897C8280E602EF /* [CP] Check Pods Manifest.lock */,
				9B083FC5212AFF6F00C537D5 /* Sources */,
				9B083FC6212AFF6F00C537D5 /* Frameworks */,
				9B083FC7212AFF6F00C537D5 /* Resources */,
				9B2FB704217F531100610D43 /* Run Script For Carthage */,
				8724ACDC3834C4665D6C3CF3 /* [CP] Embed Pods Frameworks */,
			);
			buildRules = (
			);
			dependencies = (
			);
			name = SwiftApp;
			productName = SwiftApp;
			productReference = 9B083FC9212AFF6F00C537D5 /* SwiftApp.app */;
			productType = "com.apple.product-type.application";
		};
		9B083FDC212AFF7000C537D5 /* SwiftAppTests */ = {
			isa = PBXNativeTarget;
			buildConfigurationList = 9B083FF4212AFF7100C537D5 /* Build configuration list for PBXNativeTarget "SwiftAppTests" */;
			buildPhases = (
				CCCFECCD6FB100BAB04A3BD2 /* [CP] Check Pods Manifest.lock */,
				9B083FD9212AFF7000C537D5 /* Sources */,
				9B083FDA212AFF7000C537D5 /* Frameworks */,
				9B083FDB212AFF7000C537D5 /* Resources */,
			);
			buildRules = (
			);
			dependencies = (
				9B083FDF212AFF7000C537D5 /* PBXTargetDependency */,
			);
			name = SwiftAppTests;
			productName = SwiftAppTests;
			productReference = 9B083FDD212AFF7000C537D5 /* SwiftAppTests.xctest */;
			productType = "com.apple.product-type.bundle.unit-test";
		};
		9B083FE7212AFF7000C537D5 /* SwiftAppUITests */ = {
			isa = PBXNativeTarget;
			buildConfigurationList = 9B083FF7212AFF7100C537D5 /* Build configuration list for PBXNativeTarget "SwiftAppUITests" */;
			buildPhases = (
				F0607B777EE537C994243150 /* [CP] Check Pods Manifest.lock */,
				9B083FE4212AFF7000C537D5 /* Sources */,
				9B083FE5212AFF7000C537D5 /* Frameworks */,
				9B083FE6212AFF7000C537D5 /* Resources */,
			);
			buildRules = (
			);
			dependencies = (
				9B083FEA212AFF7000C537D5 /* PBXTargetDependency */,
			);
			name = SwiftAppUITests;
			productName = SwiftAppUITests;
			productReference = 9B083FE8212AFF7000C537D5 /* SwiftAppUITests.xctest */;
			productType = "com.apple.product-type.bundle.ui-testing";
		};
/* End PBXNativeTarget section */

/* Begin PBXProject section */
		9B083FC1212AFF6F00C537D5 /* Project object */ = {
			isa = PBXProject;
			attributes = {
				LastSwiftUpdateCheck = 0940;
				LastUpgradeCheck = 0940;
				ORGANIZATIONNAME = kou;
				TargetAttributes = {
					9B083FC8212AFF6F00C537D5 = {
						CreatedOnToolsVersion = 9.4.1;
						LastSwiftMigration = 1000;
					};
					9B083FDC212AFF7000C537D5 = {
						CreatedOnToolsVersion = 9.4.1;
						LastSwiftMigration = 1000;
						TestTargetID = 9B083FC8212AFF6F00C537D5;
					};
					9B083FE7212AFF7000C537D5 = {
						CreatedOnToolsVersion = 9.4.1;
						LastSwiftMigration = 1000;
						TestTargetID = 9B083FC8212AFF6F00C537D5;
					};
				};
			};
			buildConfigurationList = 9B083FC4212AFF6F00C537D5 /* Build configuration list for PBXProject "SwiftApp" */;
			compatibilityVersion = "Xcode 9.3";
			developmentRegion = en;
			hasScannedForEncodings = 0;
			knownRegions = (
				en,
				Base,
			);
			mainGroup = 9B083FC0212AFF6F00C537D5;
			productRefGroup = 9B083FCA212AFF6F00C537D5 /* Products */;
			projectDirPath = "";
			projectRoot = "";
			targets = (
				9B083FC8212AFF6F00C537D5 /* SwiftApp */,
				9B083FDC212AFF7000C537D5 /* SwiftAppTests */,
				9B083FE7212AFF7000C537D5 /* SwiftAppUITests */,
			);
		};
/* End PBXProject section */

/* Begin PBXResourcesBuildPhase section */
		9B083FC7212AFF6F00C537D5 /* Resources */ = {
			isa = PBXResourcesBuildPhase;
			buildActionMask = 2147483647;
			files = (
				9BC8031B2186CB0200E16993 /* SampleWebView.storyboard in Resources */,
				9BB63EEE218F3C1E00BEB6BE /* FirebaseChat.storyboard in Resources */,
				9B083FD7212AFF7000C537D5 /* LaunchScreen.storyboard in Resources */,
				9BB63EF82195A70D00BEB6BE /* FirebaseChatList.storyboard in Resources */,
				9BB63F0B219C66A900BEB6BE /* Router.storyboard in Resources */,
				9B46F01621B96ACA007762DB /* ImageDetailSectionOne.xib in Resources */,
				9B083FD4212AFF7000C537D5 /* Assets.xcassets in Resources */,
				9B35983321B0187C00019415 /* ImageDetailSectionTwoCollection.xib in Resources */,
				9BB63F1F21A1A6D800BEB6BE /* FirebaseUser.storyboard in Resources */,
				9BE8162321A7A09900C5C371 /* Firebase.plist in Resources */,
				9B35984B21B3B77600019415 /* ImageDetailSectionTwo.xib in Resources */,
				9BB63ECA218C828A00BEB6BE /* FirebaseSignIn.storyboard in Resources */,
				9B084002212C516F00C537D5 /* SampleList.storyboard in Resources */,
				9B083FD2212AFF6F00C537D5 /* Main.storyboard in Resources */,
				9BB63ECE218DE4C400BEB6BE /* GoogleService-Info.plist in Resources */,
				9B35983121B017D200019415 /* ImageDetailSectionTwo.storyboard in Resources */,
				9B35984721B3A9FE00019415 /* ImageDetailTableView.storyboard in Resources */,
				9BB63F1B219F18A200BEB6BE /* FirebaseCreateRoom.storyboard in Resources */,
				9B35984321B24A8100019415 /* ImageCollectionKindViewCell.xib in Resources */,
				9B46F01A21BAB1AB007762DB /* Card.xib in Resources */,
				9BB63ED6218EACF500BEB6BE /* FirebaseAuth.storyboard in Resources */,
			);
			runOnlyForDeploymentPostprocessing = 0;
		};
		9B083FDB212AFF7000C537D5 /* Resources */ = {
			isa = PBXResourcesBuildPhase;
			buildActionMask = 2147483647;
			files = (
			);
			runOnlyForDeploymentPostprocessing = 0;
		};
		9B083FE6212AFF7000C537D5 /* Resources */ = {
			isa = PBXResourcesBuildPhase;
			buildActionMask = 2147483647;
			files = (
			);
			runOnlyForDeploymentPostprocessing = 0;
		};
/* End PBXResourcesBuildPhase section */

/* Begin PBXShellScriptBuildPhase section */
		3B9A47AFB2897C8280E602EF /* [CP] Check Pods Manifest.lock */ = {
			isa = PBXShellScriptBuildPhase;
			buildActionMask = 2147483647;
			files = (
			);
			inputPaths = (
				"${PODS_PODFILE_DIR_PATH}/Podfile.lock",
				"${PODS_ROOT}/Manifest.lock",
			);
			name = "[CP] Check Pods Manifest.lock";
			outputPaths = (
				"$(DERIVED_FILE_DIR)/Pods-SwiftApp-checkManifestLockResult.txt",
			);
			runOnlyForDeploymentPostprocessing = 0;
			shellPath = /bin/sh;
			shellScript = "diff \"${PODS_PODFILE_DIR_PATH}/Podfile.lock\" \"${PODS_ROOT}/Manifest.lock\" > /dev/null\nif [ $? != 0 ] ; then\n    # print error to STDERR\n    echo \"error: The sandbox is not in sync with the Podfile.lock. Run 'pod install' or update your CocoaPods installation.\" >&2\n    exit 1\nfi\n# This output is used by Xcode 'outputs' to avoid re-running this script phase.\necho \"SUCCESS\" > \"${SCRIPT_OUTPUT_FILE_0}\"\n";
			showEnvVarsInLog = 0;
		};
		8724ACDC3834C4665D6C3CF3 /* [CP] Embed Pods Frameworks */ = {
			isa = PBXShellScriptBuildPhase;
			buildActionMask = 2147483647;
			files = (
			);
			inputFileListPaths = (
			);
			inputPaths = (
				"${SRCROOT}/Pods/Target Support Files/Pods-SwiftApp/Pods-SwiftApp-frameworks.sh",
				"${BUILT_PRODUCTS_DIR}/BoringSSL/openssl.framework",
				"${BUILT_PRODUCTS_DIR}/GTMSessionFetcher/GTMSessionFetcher.framework",
				"${BUILT_PRODUCTS_DIR}/GoogleAPIClientForREST/GoogleAPIClientForREST.framework",
				"${BUILT_PRODUCTS_DIR}/GoogleToolboxForMac/GoogleToolboxForMac.framework",
				"${BUILT_PRODUCTS_DIR}/GoogleUtilities/GoogleUtilities.framework",
				"${BUILT_PRODUCTS_DIR}/Protobuf/Protobuf.framework",
				"${BUILT_PRODUCTS_DIR}/gRPC/GRPCClient.framework",
				"${BUILT_PRODUCTS_DIR}/gRPC-C++/grpcpp.framework",
				"${BUILT_PRODUCTS_DIR}/gRPC-Core/grpc.framework",
				"${BUILT_PRODUCTS_DIR}/gRPC-ProtoRPC/ProtoRPC.framework",
				"${BUILT_PRODUCTS_DIR}/gRPC-RxLibrary/RxLibrary.framework",
				"${BUILT_PRODUCTS_DIR}/leveldb-library/leveldb.framework",
				"${BUILT_PRODUCTS_DIR}/nanopb/nanopb.framework",
			);
			name = "[CP] Embed Pods Frameworks";
			outputFileListPaths = (
			);
			outputPaths = (
				"${TARGET_BUILD_DIR}/${FRAMEWORKS_FOLDER_PATH}/openssl.framework",
				"${TARGET_BUILD_DIR}/${FRAMEWORKS_FOLDER_PATH}/GTMSessionFetcher.framework",
				"${TARGET_BUILD_DIR}/${FRAMEWORKS_FOLDER_PATH}/GoogleAPIClientForREST.framework",
				"${TARGET_BUILD_DIR}/${FRAMEWORKS_FOLDER_PATH}/GoogleToolboxForMac.framework",
				"${TARGET_BUILD_DIR}/${FRAMEWORKS_FOLDER_PATH}/GoogleUtilities.framework",
				"${TARGET_BUILD_DIR}/${FRAMEWORKS_FOLDER_PATH}/Protobuf.framework",
				"${TARGET_BUILD_DIR}/${FRAMEWORKS_FOLDER_PATH}/GRPCClient.framework",
				"${TARGET_BUILD_DIR}/${FRAMEWORKS_FOLDER_PATH}/grpcpp.framework",
				"${TARGET_BUILD_DIR}/${FRAMEWORKS_FOLDER_PATH}/grpc.framework",
				"${TARGET_BUILD_DIR}/${FRAMEWORKS_FOLDER_PATH}/ProtoRPC.framework",
				"${TARGET_BUILD_DIR}/${FRAMEWORKS_FOLDER_PATH}/RxLibrary.framework",
				"${TARGET_BUILD_DIR}/${FRAMEWORKS_FOLDER_PATH}/leveldb.framework",
				"${TARGET_BUILD_DIR}/${FRAMEWORKS_FOLDER_PATH}/nanopb.framework",
			);
			runOnlyForDeploymentPostprocessing = 0;
			shellPath = /bin/sh;
			shellScript = "\"${SRCROOT}/Pods/Target Support Files/Pods-SwiftApp/Pods-SwiftApp-frameworks.sh\"\n";
			showEnvVarsInLog = 0;
		};
		9B2FB704217F531100610D43 /* Run Script For Carthage */ = {
			isa = PBXShellScriptBuildPhase;
			buildActionMask = 2147483647;
			files = (
			);
			inputFileListPaths = (
			);
			inputPaths = (
				"$(SRCROOT)/Carthage/Build/iOS/Moya.framework",
				"$(SRCROOT)/Carthage/Build/iOS/RxSwift.framework",
				"$(SRCROOT)/Carthage/Build/iOS/RxCocoa.framework",
				"$(SRCROOT)/Carthage/Build/iOS/RealmSwift.framework",
				"$(SRCROOT)/Carthage/Build/iOS/RxMoya.framework",
				"$(SRCROOT)/Carthage/Build/iOS/Alamofire.framework",
				"$(SRCROOT)/Carthage/Build/iOS/Result.framework",
				"$(SRCROOT)/Carthage/Build/iOS/Realm.framework",
				"$(SRCROOT)/Carthage/Build/iOS/AMScrollingNavbar.framework",
				"$(SRCROOT)/Carthage/Build/iOS/SVProgressHUD.framework",
				"$(SRCROOT)/Carthage/Build/iOS/MessageKit.framework",
				"$(SRCROOT)/Carthage/Build/iOS/RxDataSources.framework",
				"$(SRCROOT)/Carthage/Build/iOS/Differentiator.framework",
				"$(SRCROOT)/Carthage/Build/iOS/RxMediaPicker.framework",
				"$(SRCROOT)/Carthage/Build/iOS/Nuke.framework",
				"$(SRCROOT)/Carthage/Build/iOS/RxNuke.framework",
			);
			name = "Run Script For Carthage";
			outputFileListPaths = (
			);
			outputPaths = (
				"",
			);
			runOnlyForDeploymentPostprocessing = 0;
			shellPath = /bin/sh;
			shellScript = "/usr/local/bin/carthage copy-frameworks\n\n";
		};
		CCCFECCD6FB100BAB04A3BD2 /* [CP] Check Pods Manifest.lock */ = {
			isa = PBXShellScriptBuildPhase;
			buildActionMask = 2147483647;
			files = (
			);
			inputPaths = (
				"${PODS_PODFILE_DIR_PATH}/Podfile.lock",
				"${PODS_ROOT}/Manifest.lock",
			);
			name = "[CP] Check Pods Manifest.lock";
			outputPaths = (
				"$(DERIVED_FILE_DIR)/Pods-SwiftAppTests-checkManifestLockResult.txt",
			);
			runOnlyForDeploymentPostprocessing = 0;
			shellPath = /bin/sh;
			shellScript = "diff \"${PODS_PODFILE_DIR_PATH}/Podfile.lock\" \"${PODS_ROOT}/Manifest.lock\" > /dev/null\nif [ $? != 0 ] ; then\n    # print error to STDERR\n    echo \"error: The sandbox is not in sync with the Podfile.lock. Run 'pod install' or update your CocoaPods installation.\" >&2\n    exit 1\nfi\n# This output is used by Xcode 'outputs' to avoid re-running this script phase.\necho \"SUCCESS\" > \"${SCRIPT_OUTPUT_FILE_0}\"\n";
			showEnvVarsInLog = 0;
		};
		F0607B777EE537C994243150 /* [CP] Check Pods Manifest.lock */ = {
			isa = PBXShellScriptBuildPhase;
			buildActionMask = 2147483647;
			files = (
			);
			inputPaths = (
				"${PODS_PODFILE_DIR_PATH}/Podfile.lock",
				"${PODS_ROOT}/Manifest.lock",
			);
			name = "[CP] Check Pods Manifest.lock";
			outputPaths = (
				"$(DERIVED_FILE_DIR)/Pods-SwiftAppUITests-checkManifestLockResult.txt",
			);
			runOnlyForDeploymentPostprocessing = 0;
			shellPath = /bin/sh;
			shellScript = "diff \"${PODS_PODFILE_DIR_PATH}/Podfile.lock\" \"${PODS_ROOT}/Manifest.lock\" > /dev/null\nif [ $? != 0 ] ; then\n    # print error to STDERR\n    echo \"error: The sandbox is not in sync with the Podfile.lock. Run 'pod install' or update your CocoaPods installation.\" >&2\n    exit 1\nfi\n# This output is used by Xcode 'outputs' to avoid re-running this script phase.\necho \"SUCCESS\" > \"${SCRIPT_OUTPUT_FILE_0}\"\n";
			showEnvVarsInLog = 0;
		};
/* End PBXShellScriptBuildPhase section */

/* Begin PBXSourcesBuildPhase section */
		9B083FC5212AFF6F00C537D5 /* Sources */ = {
			isa = PBXSourcesBuildPhase;
			buildActionMask = 2147483647;
			files = (
				9BE8161F21A79EB700C5C371 /* WKWebView+Rx.swift in Sources */,
				9BE8161D21A79E8F00C5C371 /* ObservableType.swift in Sources */,
				9BB63F05219B15A300BEB6BE /* RoundPart.swift in Sources */,
				9BB63EEB218F227600BEB6BE /* DefaultWireframe.swift in Sources */,
				9B35983D21B2286700019415 /* ImageCollectionRepository.swift in Sources */,
				9B46F00A21B425C2007762DB /* ImageDetailTableViewModel.swift in Sources */,
				9BB63F0F219DB2F700BEB6BE /* FirebaseChatListRepository.swift in Sources */,
				9B35981D21AA7ECE00019415 /* ImagePickerService.swift in Sources */,
				9BB63EE2218EC4C900BEB6BE /* FirebaseSignInRepository.swift in Sources */,
				9B46F00C21B42603007762DB /* ImageDetailTableRepository.swift in Sources */,
				9BB63F1D21A181A500BEB6BE /* FirebaseCreateRoomView.swift in Sources */,
				9BE8162521A7B40F00C5C371 /* FirebaseUserRepository.swift in Sources */,
				9BE8162121A79EF300C5C371 /* Date.swift in Sources */,
				9B084000212B0B8D00C537D5 /* SampleModel.swift in Sources */,
				9BB63EE9218F158C00BEB6BE /* AuthUser.swift in Sources */,
				9B46F00821B42256007762DB /* ImageSection.swift in Sources */,
				9B083FCF212AFF6F00C537D5 /* ViewController.swift in Sources */,
				9BB63EF021906F3100BEB6BE /* FirebaseChatView.swift in Sources */,
				9BB63ED8218EBCBF00BEB6BE /* FirebaseSignInView.swift in Sources */,
				9BE8162721A7B42700C5C371 /* FirebaseUserViewModel.swift in Sources */,
				9BC803142185ED8B00E16993 /* GitHubCell.swift in Sources */,
				9BC803192186CAA000E16993 /* SampleWebView.swift in Sources */,
				9B46F01221B96A10007762DB /* ImageDetailView.swift in Sources */,
				9BB63ECC218DE0EE00BEB6BE /* Firebase+Rx.swift in Sources */,
				9B35981921A8551B00019415 /* User.swift in Sources */,
				9BB63ED0218DE65500BEB6BE /* FirebaseAuthView.swift in Sources */,
				9BB63EFC2195AC7000BEB6BE /* FirebaseChatListCell.swift in Sources */,
				9BE8161221A3037F00C5C371 /* FirebaseUserView.swift in Sources */,
				9BB63EFE2196A8B300BEB6BE /* FirebaseChatListModel.swift in Sources */,
				9BB63F19219F0BA700BEB6BE /* AuthEnum.swift in Sources */,
				9B2FB703217E02F400610D43 /* GithubService.swift in Sources */,
				9B2FB71621840BC300610D43 /* SampleRepository.swift in Sources */,
				9B35983F21B249AA00019415 /* ImageCollectionKindView.swift in Sources */,
				9B2FB71821840C1800610D43 /* Provider.swift in Sources */,
				9BB63F0D219DB1A700BEB6BE /* FirebaseChatListViewModel.swift in Sources */,
				9BB63EFA2195AB5900BEB6BE /* FirebaseChatListView.swift in Sources */,
				9B35984521B3A84100019415 /* ImageDetailTableView.swift in Sources */,
				9B35983521B01CAB00019415 /* ImageCollectionView.swift in Sources */,
				9BB63EDF218EC02500BEB6BE /* FirebaseSignInViewModel.swift in Sources */,
				9B35981B21AA5F7100019415 /* RoundImage.swift in Sources */,
				9B083FFC212B0A3900C537D5 /* SampleView.swift in Sources */,
				9BB63EF22190740E00BEB6BE /* Message.swift in Sources */,
				9B31C9BD216B372000470A57 /* TabBarController.swift in Sources */,
				9BB63EE7218ED75A00BEB6BE /* Realm.swift in Sources */,
				9BB63F09219C668600BEB6BE /* Router.swift in Sources */,
				9B35984921B3B6DE00019415 /* ImageDetailSectionTwoCell.swift in Sources */,
				9B46F01821B96B6E007762DB /* ImageDetailSectionOneCell.swift in Sources */,
				9B35983721B0217A00019415 /* ImageDetailSectionTwoCollectionCell.swift in Sources */,
				9B35983921B02C3C00019415 /* ParentSection.swift in Sources */,
				9B35983B21B2277200019415 /* ImageCollectionViewModel.swift in Sources */,
				9BB63ED4218E09C600BEB6BE /* AuthResult.swift in Sources */,
				9B083FFE212B0B7E00C537D5 /* SampleViewModel.swift in Sources */,
				9B083FCD212AFF6F00C537D5 /* AppDelegate.swift in Sources */,
			);
			runOnlyForDeploymentPostprocessing = 0;
		};
		9B083FD9212AFF7000C537D5 /* Sources */ = {
			isa = PBXSourcesBuildPhase;
			buildActionMask = 2147483647;
			files = (
				9B083FE2212AFF7000C537D5 /* SwiftAppTests.swift in Sources */,
			);
			runOnlyForDeploymentPostprocessing = 0;
		};
		9B083FE4212AFF7000C537D5 /* Sources */ = {
			isa = PBXSourcesBuildPhase;
			buildActionMask = 2147483647;
			files = (
				9B083FED212AFF7000C537D5 /* SwiftAppUITests.swift in Sources */,
			);
			runOnlyForDeploymentPostprocessing = 0;
		};
/* End PBXSourcesBuildPhase section */

/* Begin PBXTargetDependency section */
		9B083FDF212AFF7000C537D5 /* PBXTargetDependency */ = {
			isa = PBXTargetDependency;
			target = 9B083FC8212AFF6F00C537D5 /* SwiftApp */;
			targetProxy = 9B083FDE212AFF7000C537D5 /* PBXContainerItemProxy */;
		};
		9B083FEA212AFF7000C537D5 /* PBXTargetDependency */ = {
			isa = PBXTargetDependency;
			target = 9B083FC8212AFF6F00C537D5 /* SwiftApp */;
			targetProxy = 9B083FE9212AFF7000C537D5 /* PBXContainerItemProxy */;
		};
/* End PBXTargetDependency section */

/* Begin PBXVariantGroup section */
		9B083FD0212AFF6F00C537D5 /* Main.storyboard */ = {
			isa = PBXVariantGroup;
			children = (
				9B083FD1212AFF6F00C537D5 /* Base */,
			);
			name = Main.storyboard;
			sourceTree = "<group>";
		};
		9B083FD5212AFF7000C537D5 /* LaunchScreen.storyboard */ = {
			isa = PBXVariantGroup;
			children = (
				9B083FD6212AFF7000C537D5 /* Base */,
			);
			name = LaunchScreen.storyboard;
			sourceTree = "<group>";
		};
/* End PBXVariantGroup section */

/* Begin XCBuildConfiguration section */
		9B083FEF212AFF7100C537D5 /* Debug */ = {
			isa = XCBuildConfiguration;
			buildSettings = {
				ALWAYS_SEARCH_USER_PATHS = NO;
				CLANG_ANALYZER_NONNULL = YES;
				CLANG_ANALYZER_NUMBER_OBJECT_CONVERSION = YES_AGGRESSIVE;
				CLANG_CXX_LANGUAGE_STANDARD = "gnu++14";
				CLANG_CXX_LIBRARY = "libc++";
				CLANG_ENABLE_MODULES = YES;
				CLANG_ENABLE_OBJC_ARC = YES;
				CLANG_ENABLE_OBJC_WEAK = YES;
				CLANG_WARN_BLOCK_CAPTURE_AUTORELEASING = YES;
				CLANG_WARN_BOOL_CONVERSION = YES;
				CLANG_WARN_COMMA = YES;
				CLANG_WARN_CONSTANT_CONVERSION = YES;
				CLANG_WARN_DEPRECATED_OBJC_IMPLEMENTATIONS = YES;
				CLANG_WARN_DIRECT_OBJC_ISA_USAGE = YES_ERROR;
				CLANG_WARN_DOCUMENTATION_COMMENTS = YES;
				CLANG_WARN_EMPTY_BODY = YES;
				CLANG_WARN_ENUM_CONVERSION = YES;
				CLANG_WARN_INFINITE_RECURSION = YES;
				CLANG_WARN_INT_CONVERSION = YES;
				CLANG_WARN_NON_LITERAL_NULL_CONVERSION = YES;
				CLANG_WARN_OBJC_IMPLICIT_RETAIN_SELF = YES;
				CLANG_WARN_OBJC_LITERAL_CONVERSION = YES;
				CLANG_WARN_OBJC_ROOT_CLASS = YES_ERROR;
				CLANG_WARN_RANGE_LOOP_ANALYSIS = YES;
				CLANG_WARN_STRICT_PROTOTYPES = YES;
				CLANG_WARN_SUSPICIOUS_MOVE = YES;
				CLANG_WARN_UNGUARDED_AVAILABILITY = YES_AGGRESSIVE;
				CLANG_WARN_UNREACHABLE_CODE = YES;
				CLANG_WARN__DUPLICATE_METHOD_MATCH = YES;
				CODE_SIGN_IDENTITY = "iPhone Developer";
				COPY_PHASE_STRIP = NO;
				DEBUG_INFORMATION_FORMAT = dwarf;
				ENABLE_STRICT_OBJC_MSGSEND = YES;
				ENABLE_TESTABILITY = YES;
				GCC_C_LANGUAGE_STANDARD = gnu11;
				GCC_DYNAMIC_NO_PIC = NO;
				GCC_NO_COMMON_BLOCKS = YES;
				GCC_OPTIMIZATION_LEVEL = 0;
				GCC_PREPROCESSOR_DEFINITIONS = (
					"DEBUG=1",
					"$(inherited)",
				);
				GCC_WARN_64_TO_32_BIT_CONVERSION = YES;
				GCC_WARN_ABOUT_RETURN_TYPE = YES_ERROR;
				GCC_WARN_UNDECLARED_SELECTOR = YES;
				GCC_WARN_UNINITIALIZED_AUTOS = YES_AGGRESSIVE;
				GCC_WARN_UNUSED_FUNCTION = YES;
				GCC_WARN_UNUSED_VARIABLE = YES;
				IPHONEOS_DEPLOYMENT_TARGET = 11.4;
				MTL_ENABLE_DEBUG_INFO = YES;
				ONLY_ACTIVE_ARCH = YES;
				SDKROOT = iphoneos;
				SWIFT_ACTIVE_COMPILATION_CONDITIONS = DEBUG;
				SWIFT_OPTIMIZATION_LEVEL = "-Onone";
			};
			name = Debug;
		};
		9B083FF0212AFF7100C537D5 /* Release */ = {
			isa = XCBuildConfiguration;
			buildSettings = {
				ALWAYS_SEARCH_USER_PATHS = NO;
				CLANG_ANALYZER_NONNULL = YES;
				CLANG_ANALYZER_NUMBER_OBJECT_CONVERSION = YES_AGGRESSIVE;
				CLANG_CXX_LANGUAGE_STANDARD = "gnu++14";
				CLANG_CXX_LIBRARY = "libc++";
				CLANG_ENABLE_MODULES = YES;
				CLANG_ENABLE_OBJC_ARC = YES;
				CLANG_ENABLE_OBJC_WEAK = YES;
				CLANG_WARN_BLOCK_CAPTURE_AUTORELEASING = YES;
				CLANG_WARN_BOOL_CONVERSION = YES;
				CLANG_WARN_COMMA = YES;
				CLANG_WARN_CONSTANT_CONVERSION = YES;
				CLANG_WARN_DEPRECATED_OBJC_IMPLEMENTATIONS = YES;
				CLANG_WARN_DIRECT_OBJC_ISA_USAGE = YES_ERROR;
				CLANG_WARN_DOCUMENTATION_COMMENTS = YES;
				CLANG_WARN_EMPTY_BODY = YES;
				CLANG_WARN_ENUM_CONVERSION = YES;
				CLANG_WARN_INFINITE_RECURSION = YES;
				CLANG_WARN_INT_CONVERSION = YES;
				CLANG_WARN_NON_LITERAL_NULL_CONVERSION = YES;
				CLANG_WARN_OBJC_IMPLICIT_RETAIN_SELF = YES;
				CLANG_WARN_OBJC_LITERAL_CONVERSION = YES;
				CLANG_WARN_OBJC_ROOT_CLASS = YES_ERROR;
				CLANG_WARN_RANGE_LOOP_ANALYSIS = YES;
				CLANG_WARN_STRICT_PROTOTYPES = YES;
				CLANG_WARN_SUSPICIOUS_MOVE = YES;
				CLANG_WARN_UNGUARDED_AVAILABILITY = YES_AGGRESSIVE;
				CLANG_WARN_UNREACHABLE_CODE = YES;
				CLANG_WARN__DUPLICATE_METHOD_MATCH = YES;
				CODE_SIGN_IDENTITY = "iPhone Developer";
				COPY_PHASE_STRIP = NO;
				DEBUG_INFORMATION_FORMAT = "dwarf-with-dsym";
				ENABLE_NS_ASSERTIONS = NO;
				ENABLE_STRICT_OBJC_MSGSEND = YES;
				GCC_C_LANGUAGE_STANDARD = gnu11;
				GCC_NO_COMMON_BLOCKS = YES;
				GCC_WARN_64_TO_32_BIT_CONVERSION = YES;
				GCC_WARN_ABOUT_RETURN_TYPE = YES_ERROR;
				GCC_WARN_UNDECLARED_SELECTOR = YES;
				GCC_WARN_UNINITIALIZED_AUTOS = YES_AGGRESSIVE;
				GCC_WARN_UNUSED_FUNCTION = YES;
				GCC_WARN_UNUSED_VARIABLE = YES;
				IPHONEOS_DEPLOYMENT_TARGET = 11.4;
				MTL_ENABLE_DEBUG_INFO = NO;
				SDKROOT = iphoneos;
				SWIFT_COMPILATION_MODE = wholemodule;
				SWIFT_OPTIMIZATION_LEVEL = "-O";
				VALIDATE_PRODUCT = YES;
			};
			name = Release;
		};
		9B083FF2212AFF7100C537D5 /* Debug */ = {
			isa = XCBuildConfiguration;
			baseConfigurationReference = 7E28A2DEF701201253E5734E /* Pods-SwiftApp.debug.xcconfig */;
			buildSettings = {
				ASSETCATALOG_COMPILER_APPICON_NAME = AppIcon;
				CODE_SIGN_STYLE = Automatic;
				DEVELOPMENT_TEAM = DCRVG4K4H7;
				FRAMEWORK_SEARCH_PATHS = (
					"$(inherited)",
					"$(PROJECT_DIR)/Carthage/Build/iOS",
				);
				INFOPLIST_FILE = SwiftApp/Info.plist;
				LD_RUNPATH_SEARCH_PATHS = (
					"$(inherited)",
					"@executable_path/Frameworks",
				);
				PRODUCT_BUNDLE_IDENTIFIER = kou.SwiftApp;
				PRODUCT_NAME = "$(TARGET_NAME)";
				SWIFT_VERSION = 4.2;
				TARGETED_DEVICE_FAMILY = "1,2";
			};
			name = Debug;
		};
		9B083FF3212AFF7100C537D5 /* Release */ = {
			isa = XCBuildConfiguration;
			baseConfigurationReference = 390B0B9D49959A6FFA244133 /* Pods-SwiftApp.release.xcconfig */;
			buildSettings = {
				ASSETCATALOG_COMPILER_APPICON_NAME = AppIcon;
				CODE_SIGN_STYLE = Automatic;
				DEVELOPMENT_TEAM = DCRVG4K4H7;
				FRAMEWORK_SEARCH_PATHS = (
					"$(inherited)",
					"$(PROJECT_DIR)/Carthage/Build/iOS",
				);
				INFOPLIST_FILE = SwiftApp/Info.plist;
				LD_RUNPATH_SEARCH_PATHS = (
					"$(inherited)",
					"@executable_path/Frameworks",
				);
				PRODUCT_BUNDLE_IDENTIFIER = kou.SwiftApp;
				PRODUCT_NAME = "$(TARGET_NAME)";
				SWIFT_VERSION = 4.2;
				TARGETED_DEVICE_FAMILY = "1,2";
			};
			name = Release;
		};
		9B083FF5212AFF7100C537D5 /* Debug */ = {
			isa = XCBuildConfiguration;
			baseConfigurationReference = 7D304340B6A880EEEB90F8A7 /* Pods-SwiftAppTests.debug.xcconfig */;
			buildSettings = {
				ALWAYS_EMBED_SWIFT_STANDARD_LIBRARIES = YES;
				BUNDLE_LOADER = "$(TEST_HOST)";
				CODE_SIGN_STYLE = Automatic;
				INFOPLIST_FILE = SwiftAppTests/Info.plist;
				LD_RUNPATH_SEARCH_PATHS = (
					"$(inherited)",
					"@executable_path/Frameworks",
					"@loader_path/Frameworks",
				);
				PRODUCT_BUNDLE_IDENTIFIER = kou.SwiftAppTests;
				PRODUCT_NAME = "$(TARGET_NAME)";
				SWIFT_VERSION = 4.2;
				TARGETED_DEVICE_FAMILY = "1,2";
				TEST_HOST = "$(BUILT_PRODUCTS_DIR)/SwiftApp.app/SwiftApp";
			};
			name = Debug;
		};
		9B083FF6212AFF7100C537D5 /* Release */ = {
			isa = XCBuildConfiguration;
			baseConfigurationReference = C6AA177836C48D6FD5BA004E /* Pods-SwiftAppTests.release.xcconfig */;
			buildSettings = {
				ALWAYS_EMBED_SWIFT_STANDARD_LIBRARIES = YES;
				BUNDLE_LOADER = "$(TEST_HOST)";
				CODE_SIGN_STYLE = Automatic;
				INFOPLIST_FILE = SwiftAppTests/Info.plist;
				LD_RUNPATH_SEARCH_PATHS = (
					"$(inherited)",
					"@executable_path/Frameworks",
					"@loader_path/Frameworks",
				);
				PRODUCT_BUNDLE_IDENTIFIER = kou.SwiftAppTests;
				PRODUCT_NAME = "$(TARGET_NAME)";
				SWIFT_VERSION = 4.2;
				TARGETED_DEVICE_FAMILY = "1,2";
				TEST_HOST = "$(BUILT_PRODUCTS_DIR)/SwiftApp.app/SwiftApp";
			};
			name = Release;
		};
		9B083FF8212AFF7100C537D5 /* Debug */ = {
			isa = XCBuildConfiguration;
			baseConfigurationReference = E57E2F5B7473ACB4AA8EEC27 /* Pods-SwiftAppUITests.debug.xcconfig */;
			buildSettings = {
				ALWAYS_EMBED_SWIFT_STANDARD_LIBRARIES = YES;
				CODE_SIGN_STYLE = Automatic;
				INFOPLIST_FILE = SwiftAppUITests/Info.plist;
				LD_RUNPATH_SEARCH_PATHS = (
					"$(inherited)",
					"@executable_path/Frameworks",
					"@loader_path/Frameworks",
				);
				PRODUCT_BUNDLE_IDENTIFIER = kou.SwiftAppUITests;
				PRODUCT_NAME = "$(TARGET_NAME)";
				SWIFT_VERSION = 4.2;
				TARGETED_DEVICE_FAMILY = "1,2";
				TEST_TARGET_NAME = SwiftApp;
			};
			name = Debug;
		};
		9B083FF9212AFF7100C537D5 /* Release */ = {
			isa = XCBuildConfiguration;
			baseConfigurationReference = 9B4EB1D9A129BE59B66DD696 /* Pods-SwiftAppUITests.release.xcconfig */;
			buildSettings = {
				ALWAYS_EMBED_SWIFT_STANDARD_LIBRARIES = YES;
				CODE_SIGN_STYLE = Automatic;
				INFOPLIST_FILE = SwiftAppUITests/Info.plist;
				LD_RUNPATH_SEARCH_PATHS = (
					"$(inherited)",
					"@executable_path/Frameworks",
					"@loader_path/Frameworks",
				);
				PRODUCT_BUNDLE_IDENTIFIER = kou.SwiftAppUITests;
				PRODUCT_NAME = "$(TARGET_NAME)";
				SWIFT_VERSION = 4.2;
				TARGETED_DEVICE_FAMILY = "1,2";
				TEST_TARGET_NAME = SwiftApp;
			};
			name = Release;
		};
/* End XCBuildConfiguration section */

/* Begin XCConfigurationList section */
		9B083FC4212AFF6F00C537D5 /* Build configuration list for PBXProject "SwiftApp" */ = {
			isa = XCConfigurationList;
			buildConfigurations = (
				9B083FEF212AFF7100C537D5 /* Debug */,
				9B083FF0212AFF7100C537D5 /* Release */,
			);
			defaultConfigurationIsVisible = 0;
			defaultConfigurationName = Release;
		};
		9B083FF1212AFF7100C537D5 /* Build configuration list for PBXNativeTarget "SwiftApp" */ = {
			isa = XCConfigurationList;
			buildConfigurations = (
				9B083FF2212AFF7100C537D5 /* Debug */,
				9B083FF3212AFF7100C537D5 /* Release */,
			);
			defaultConfigurationIsVisible = 0;
			defaultConfigurationName = Release;
		};
		9B083FF4212AFF7100C537D5 /* Build configuration list for PBXNativeTarget "SwiftAppTests" */ = {
			isa = XCConfigurationList;
			buildConfigurations = (
				9B083FF5212AFF7100C537D5 /* Debug */,
				9B083FF6212AFF7100C537D5 /* Release */,
			);
			defaultConfigurationIsVisible = 0;
			defaultConfigurationName = Release;
		};
		9B083FF7212AFF7100C537D5 /* Build configuration list for PBXNativeTarget "SwiftAppUITests" */ = {
			isa = XCConfigurationList;
			buildConfigurations = (
				9B083FF8212AFF7100C537D5 /* Debug */,
				9B083FF9212AFF7100C537D5 /* Release */,
			);
			defaultConfigurationIsVisible = 0;
			defaultConfigurationName = Release;
		};
/* End XCConfigurationList section */
	};
	rootObject = 9B083FC1212AFF6F00C537D5 /* Project object */;
}
